<?xml version="1.0" encoding="UTF-8"?>
<Scheme
   LastUpgradeVersion = "1240"
   version = "1.3">
   <BuildAction
      parallelizeBuildables = "YES"
      buildImplicitDependencies = "YES">
      <BuildActionEntries>
         <BuildActionEntry
            buildForTesting = "NO"
            buildForRunning = "YES"
            buildForProfiling = "YES"
            buildForArchiving = "YES"
            buildForAnalyzing = "NO">
            <BuildableReference
               BuildableIdentifier = "primary"
               BlueprintIdentifier = "52E192C7D85EF003D4D7B665"
               BuildableName = "DEV Health Diary.app"
               BlueprintName = "HealthDiary"
               ReferencedContainer = "container:HealthDiary.xcodeproj">
            </BuildableReference>
         </BuildActionEntry>
      </BuildActionEntries>
   </BuildAction>
   <TestAction
      buildConfiguration = "PRO-Debug"
      selectedDebuggerIdentifier = "Xcode.DebuggerFoundation.Debugger.LLDB"
      selectedLauncherIdentifier = "Xcode.DebuggerFoundation.Launcher.LLDB"
      shouldUseLaunchSchemeArgsEnv = "YES">
      <MacroExpansion>
         <BuildableReference
            BuildableIdentifier = "primary"
            BlueprintIdentifier = "52E192C7D85EF003D4D7B665"
            BuildableName = "DEV Health Diary.app"
            BlueprintName = "HealthDiary"
            ReferencedContainer = "container:HealthDiary.xcodeproj">
         </BuildableReference>
      </MacroExpansion>
      <Testables>
      </Testables>
   </TestAction>
   <LaunchAction
      buildConfiguration = "PRO-Debug"
      selectedDebuggerIdentifier = "Xcode.DebuggerFoundation.Debugger.LLDB"
      selectedLauncherIdentifier = "Xcode.DebuggerFoundation.Launcher.LLDB"
      launchStyle = "0"
      useCustomWorkingDirectory = "NO"
      ignoresPersistentStateOnLaunch = "NO"
      debugDocumentVersioning = "YES"
      debugServiceExtension = "internal"
      allowLocationSimulation = "YES">
      <BuildableProductRunnable
         runnableDebuggingMode = "0">
         <BuildableReference
            BuildableIdentifier = "primary"
            BlueprintIdentifier = "52E192C7D85EF003D4D7B665"
            BuildableName = "DEV Health Diary.app"
            BlueprintName = "HealthDiary"
            ReferencedContainer = "container:HealthDiary.xcodeproj">
         </BuildableReference>
      </BuildableProductRunnable>
   </LaunchAction>
   <ProfileAction
      buildConfiguration = "PRO-Release"
      shouldUseLaunchSchemeArgsEnv = "YES"
      savedToolIdentifier = ""
      useCustomWorkingDirectory = "NO"
      debugDocumentVersioning = "YES">
      <BuildableProductRunnable
         runnableDebuggingMode = "0">
         <BuildableReference
            BuildableIdentifier = "primary"
            BlueprintIdentifier = "52E192C7D85EF003D4D7B665"
            BuildableName = "DEV Health Diary.app"
            BlueprintName = "HealthDiary"
            ReferencedContainer = "container:HealthDiary.xcodeproj">
         </BuildableReference>
      </BuildableProductRunnable>
   </ProfileAction>
   <AnalyzeAction
      buildConfiguration = "PRO-Debug">
   </AnalyzeAction>
   <ArchiveAction
      buildConfiguration = "PRO-Release"
      customArchiveName = "PRO HealthDiary"
      revealArchiveInOrganizer = "YES">
   </ArchiveAction>
</Scheme>
