// !$*UTF8*$!
{
	archiveVersion = 1;
	classes = {
	};
	objectVersion = 51;
	objects = {

/* Begin PBXBuildFile section */
		4F645C442600E0D90081A3E2 /* AppDelegate.swift in Sources */ = {isa = PBXBuildFile; fileRef = 4F645C432600E0D90081A3E2 /* AppDelegate.swift */; };
		4F645C462600E0D90081A3E2 /* SceneDelegate.swift in Sources */ = {isa = PBXBuildFile; fileRef = 4F645C452600E0D90081A3E2 /* SceneDelegate.swift */; };
		4F645C502600E0DA0081A3E2 /* Assets.xcassets in Resources */ = {isa = PBXBuildFile; fileRef = 4F645C4F2600E0DA0081A3E2 /* Assets.xcassets */; };
		4F645C532600E0DA0081A3E2 /* LaunchScreen.storyboard in Resources */ = {isa = PBXBuildFile; fileRef = 4F645C512600E0DA0081A3E2 /* LaunchScreen.storyboard */; };
		4F645C912600E1DD0081A3E2 /* CoreDataStorage.xcdatamodeld in Sources */ = {isa = PBXBuildFile; fileRef = 4F645C8F2600E1DD0081A3E2 /* CoreDataStorage.xcdatamodeld */; };
		4F645CAD260196230081A3E2 /* AppFlowCoordinator.swift in Sources */ = {isa = PBXBuildFile; fileRef = 4F645CAC260196230081A3E2 /* AppFlowCoordinator.swift */; };
		4F645CE02601B16C0081A3E2 /* CoreDataStorage.swift in Sources */ = {isa = PBXBuildFile; fileRef = 4F645CDF2601B16C0081A3E2 /* CoreDataStorage.swift */; };
		4F645CE52601B1910081A3E2 /* AppDIContainer.swift in Sources */ = {isa = PBXBuildFile; fileRef = 4F645CE42601B1910081A3E2 /* AppDIContainer.swift */; };
		4F645CEB2601B20C0081A3E2 /* FlowCoordinatorFactory.swift in Sources */ = {isa = PBXBuildFile; fileRef = 4F645CEA2601B20C0081A3E2 /* FlowCoordinatorFactory.swift */; };
		4F645CFB2601B28F0081A3E2 /* UseCaseFactory.swift in Sources */ = {isa = PBXBuildFile; fileRef = 4F645CFA2601B28F0081A3E2 /* UseCaseFactory.swift */; };
		4F645D032601B2A30081A3E2 /* RepositoryFactory.swift in Sources */ = {isa = PBXBuildFile; fileRef = 4F645D022601B2A30081A3E2 /* RepositoryFactory.swift */; };
		4F645D0D2601B2FA0081A3E2 /* LNPostViewModel.swift in Sources */ = {isa = PBXBuildFile; fileRef = 4F645D0A2601B2FA0081A3E2 /* LNPostViewModel.swift */; };
		4F645D0E2601B2FA0081A3E2 /* LNPostController.swift in Sources */ = {isa = PBXBuildFile; fileRef = 4F645D0B2601B2FA0081A3E2 /* LNPostController.swift */; };
		4F645D0F2601B2FA0081A3E2 /* LNPostView.swift in Sources */ = {isa = PBXBuildFile; fileRef = 4F645D0C2601B2FA0081A3E2 /* LNPostView.swift */; };
		4F645D142601B3520081A3E2 /* LaunchFlowCoordinator.swift in Sources */ = {isa = PBXBuildFile; fileRef = 4F645D132601B3520081A3E2 /* LaunchFlowCoordinator.swift */; };
		4F645D212601B5020081A3E2 /* AppDIContainer+LaunchFlowCoordinatorFactory.swift in Sources */ = {isa = PBXBuildFile; fileRef = 4F645D202601B5020081A3E2 /* AppDIContainer+LaunchFlowCoordinatorFactory.swift */; };
		4F645D472601C61D0081A3E2 /* ActivityStorage.swift in Sources */ = {isa = PBXBuildFile; fileRef = 4F645D462601C61D0081A3E2 /* ActivityStorage.swift */; };
		4F645D4F2601C6300081A3E2 /* LocalActivityStorage.swift in Sources */ = {isa = PBXBuildFile; fileRef = 4F645D4E2601C6300081A3E2 /* LocalActivityStorage.swift */; };
		4F645D552601C6C30081A3E2 /* ActivityEntity+CoreDataClass.swift in Sources */ = {isa = PBXBuildFile; fileRef = 4F645D532601C6C30081A3E2 /* ActivityEntity+CoreDataClass.swift */; };
		4F645D562601C6C30081A3E2 /* ActivityEntity+CoreDataProperties.swift in Sources */ = {isa = PBXBuildFile; fileRef = 4F645D542601C6C30081A3E2 /* ActivityEntity+CoreDataProperties.swift */; };
		4F645D5C2601C6DE0081A3E2 /* ActivityDomain.swift in Sources */ = {isa = PBXBuildFile; fileRef = 4F645D5B2601C6DE0081A3E2 /* ActivityDomain.swift */; };
		A02E7EECCD6B07EC764E9BAB /* Pods_HealthDiary.framework in Frameworks */ = {isa = PBXBuildFile; fileRef = 771525B7AA482AABE59BFB4D /* Pods_HealthDiary.framework */; };
		B50C6456E865B50A81F0B826 /* Pods_HealthDiary_HealthDiaryUITests.framework in Frameworks */ = {isa = PBXBuildFile; fileRef = D7D996374EF2A39A308149A9 /* Pods_HealthDiary_HealthDiaryUITests.framework */; };
		C7E4ABD0F379A8F8FC1A30AF /* Pods_HealthDiaryTests.framework in Frameworks */ = {isa = PBXBuildFile; fileRef = E05E6E64C5015A98D7A53FCF /* Pods_HealthDiaryTests.framework */; };
/* End PBXBuildFile section */

/* Begin PBXContainerItemProxy section */
		4F645C5A2600E0DB0081A3E2 /* PBXContainerItemProxy */ = {
			isa = PBXContainerItemProxy;
			containerPortal = 4F645C382600E0D90081A3E2 /* Project object */;
			proxyType = 1;
			remoteGlobalIDString = 4F645C3F2600E0D90081A3E2;
			remoteInfo = healthdiary;
		};
		4F645C652600E0DB0081A3E2 /* PBXContainerItemProxy */ = {
			isa = PBXContainerItemProxy;
			containerPortal = 4F645C382600E0D90081A3E2 /* Project object */;
			proxyType = 1;
			remoteGlobalIDString = 4F645C3F2600E0D90081A3E2;
			remoteInfo = healthdiary;
		};
/* End PBXContainerItemProxy section */

/* Begin PBXFileReference section */
		030346869310D5715AF191A2 /* Pods-HealthDiaryTests.debug.xcconfig */ = {isa = PBXFileReference; includeInIndex = 1; lastKnownFileType = text.xcconfig; name = "Pods-HealthDiaryTests.debug.xcconfig"; path = "Target Support Files/Pods-HealthDiaryTests/Pods-HealthDiaryTests.debug.xcconfig"; sourceTree = "<group>"; };
		445DCEBD648FF1BE0D41E8D0 /* Pods-HealthDiaryTests.release.xcconfig */ = {isa = PBXFileReference; includeInIndex = 1; lastKnownFileType = text.xcconfig; name = "Pods-HealthDiaryTests.release.xcconfig"; path = "Target Support Files/Pods-HealthDiaryTests/Pods-HealthDiaryTests.release.xcconfig"; sourceTree = "<group>"; };
		4C7ACF4197C66D933C562EA6 /* Pods-HealthDiary.debug.xcconfig */ = {isa = PBXFileReference; includeInIndex = 1; lastKnownFileType = text.xcconfig; name = "Pods-HealthDiary.debug.xcconfig"; path = "Target Support Files/Pods-HealthDiary/Pods-HealthDiary.debug.xcconfig"; sourceTree = "<group>"; };
		4F645C402600E0D90081A3E2 /* HealthDiary.app */ = {isa = PBXFileReference; explicitFileType = wrapper.application; includeInIndex = 0; path = HealthDiary.app; sourceTree = BUILT_PRODUCTS_DIR; };
		4F645C432600E0D90081A3E2 /* AppDelegate.swift */ = {isa = PBXFileReference; lastKnownFileType = sourcecode.swift; path = AppDelegate.swift; sourceTree = "<group>"; };
		4F645C452600E0D90081A3E2 /* SceneDelegate.swift */ = {isa = PBXFileReference; lastKnownFileType = sourcecode.swift; path = SceneDelegate.swift; sourceTree = "<group>"; };
		4F645C4F2600E0DA0081A3E2 /* Assets.xcassets */ = {isa = PBXFileReference; lastKnownFileType = folder.assetcatalog; path = Assets.xcassets; sourceTree = "<group>"; };
		4F645C522600E0DA0081A3E2 /* Base */ = {isa = PBXFileReference; lastKnownFileType = file.storyboard; name = Base; path = Base.lproj/LaunchScreen.storyboard; sourceTree = "<group>"; };
		4F645C542600E0DA0081A3E2 /* Info.plist */ = {isa = PBXFileReference; lastKnownFileType = text.plist.xml; path = Info.plist; sourceTree = "<group>"; };
		4F645C592600E0DB0081A3E2 /* HealthDiaryTests.xctest */ = {isa = PBXFileReference; explicitFileType = wrapper.cfbundle; includeInIndex = 0; path = HealthDiaryTests.xctest; sourceTree = BUILT_PRODUCTS_DIR; };
		4F645C5F2600E0DB0081A3E2 /* Info.plist */ = {isa = PBXFileReference; lastKnownFileType = text.plist.xml; path = Info.plist; sourceTree = "<group>"; };
		4F645C642600E0DB0081A3E2 /* HealthDiaryUITests.xctest */ = {isa = PBXFileReference; explicitFileType = wrapper.cfbundle; includeInIndex = 0; path = HealthDiaryUITests.xctest; sourceTree = BUILT_PRODUCTS_DIR; };
		4F645C6A2600E0DB0081A3E2 /* Info.plist */ = {isa = PBXFileReference; lastKnownFileType = text.plist.xml; path = Info.plist; sourceTree = "<group>"; };
		4F645C902600E1DD0081A3E2 /* CoreDataStorage.xcdatamodel */ = {isa = PBXFileReference; lastKnownFileType = wrapper.xcdatamodel; path = CoreDataStorage.xcdatamodel; sourceTree = "<group>"; };
		4F645CAC260196230081A3E2 /* AppFlowCoordinator.swift */ = {isa = PBXFileReference; lastKnownFileType = sourcecode.swift; path = AppFlowCoordinator.swift; sourceTree = "<group>"; };
		4F645CDF2601B16C0081A3E2 /* CoreDataStorage.swift */ = {isa = PBXFileReference; lastKnownFileType = sourcecode.swift; path = CoreDataStorage.swift; sourceTree = "<group>"; };
		4F645CE42601B1910081A3E2 /* AppDIContainer.swift */ = {isa = PBXFileReference; lastKnownFileType = sourcecode.swift; path = AppDIContainer.swift; sourceTree = "<group>"; };
		4F645CEA2601B20C0081A3E2 /* FlowCoordinatorFactory.swift */ = {isa = PBXFileReference; lastKnownFileType = sourcecode.swift; path = FlowCoordinatorFactory.swift; sourceTree = "<group>"; };
		4F645CFA2601B28F0081A3E2 /* UseCaseFactory.swift */ = {isa = PBXFileReference; lastKnownFileType = sourcecode.swift; path = UseCaseFactory.swift; sourceTree = "<group>"; };
		4F645D022601B2A30081A3E2 /* RepositoryFactory.swift */ = {isa = PBXFileReference; lastKnownFileType = sourcecode.swift; path = RepositoryFactory.swift; sourceTree = "<group>"; };
		4F645D0A2601B2FA0081A3E2 /* LNPostViewModel.swift */ = {isa = PBXFileReference; lastKnownFileType = sourcecode.swift; path = LNPostViewModel.swift; sourceTree = "<group>"; };
		4F645D0B2601B2FA0081A3E2 /* LNPostController.swift */ = {isa = PBXFileReference; lastKnownFileType = sourcecode.swift; path = LNPostController.swift; sourceTree = "<group>"; };
		4F645D0C2601B2FA0081A3E2 /* LNPostView.swift */ = {isa = PBXFileReference; lastKnownFileType = sourcecode.swift; path = LNPostView.swift; sourceTree = "<group>"; };
		4F645D132601B3520081A3E2 /* LaunchFlowCoordinator.swift */ = {isa = PBXFileReference; lastKnownFileType = sourcecode.swift; path = LaunchFlowCoordinator.swift; sourceTree = "<group>"; };
		4F645D202601B5020081A3E2 /* AppDIContainer+LaunchFlowCoordinatorFactory.swift */ = {isa = PBXFileReference; lastKnownFileType = sourcecode.swift; path = "AppDIContainer+LaunchFlowCoordinatorFactory.swift"; sourceTree = "<group>"; };
		4F645D462601C61D0081A3E2 /* ActivityStorage.swift */ = {isa = PBXFileReference; lastKnownFileType = sourcecode.swift; path = ActivityStorage.swift; sourceTree = "<group>"; };
		4F645D4E2601C6300081A3E2 /* LocalActivityStorage.swift */ = {isa = PBXFileReference; lastKnownFileType = sourcecode.swift; name = LocalActivityStorage.swift; path = HealthDiary/Data/Storage/Activity/LocalActivityStorage.swift; sourceTree = SOURCE_ROOT; };
		4F645D532601C6C30081A3E2 /* ActivityEntity+CoreDataClass.swift */ = {isa = PBXFileReference; lastKnownFileType = sourcecode.swift; path = "ActivityEntity+CoreDataClass.swift"; sourceTree = "<group>"; };
		4F645D542601C6C30081A3E2 /* ActivityEntity+CoreDataProperties.swift */ = {isa = PBXFileReference; lastKnownFileType = sourcecode.swift; path = "ActivityEntity+CoreDataProperties.swift"; sourceTree = "<group>"; };
		4F645D5B2601C6DE0081A3E2 /* ActivityDomain.swift */ = {isa = PBXFileReference; lastKnownFileType = sourcecode.swift; path = ActivityDomain.swift; sourceTree = "<group>"; };
		66FEFE698F286131195CB9EA /* Pods-HealthDiary-HealthDiaryUITests.release.xcconfig */ = {isa = PBXFileReference; includeInIndex = 1; lastKnownFileType = text.xcconfig; name = "Pods-HealthDiary-HealthDiaryUITests.release.xcconfig"; path = "Target Support Files/Pods-HealthDiary-HealthDiaryUITests/Pods-HealthDiary-HealthDiaryUITests.release.xcconfig"; sourceTree = "<group>"; };
		771525B7AA482AABE59BFB4D /* Pods_HealthDiary.framework */ = {isa = PBXFileReference; explicitFileType = wrapper.framework; includeInIndex = 0; path = Pods_HealthDiary.framework; sourceTree = BUILT_PRODUCTS_DIR; };
		CD2203022462C19D9B1BBA53 /* Pods-HealthDiary-HealthDiaryUITests.debug.xcconfig */ = {isa = PBXFileReference; includeInIndex = 1; lastKnownFileType = text.xcconfig; name = "Pods-HealthDiary-HealthDiaryUITests.debug.xcconfig"; path = "Target Support Files/Pods-HealthDiary-HealthDiaryUITests/Pods-HealthDiary-HealthDiaryUITests.debug.xcconfig"; sourceTree = "<group>"; };
		D6825D649CE22ED76DB9FB10 /* Pods-HealthDiary.release.xcconfig */ = {isa = PBXFileReference; includeInIndex = 1; lastKnownFileType = text.xcconfig; name = "Pods-HealthDiary.release.xcconfig"; path = "Target Support Files/Pods-HealthDiary/Pods-HealthDiary.release.xcconfig"; sourceTree = "<group>"; };
		D7D996374EF2A39A308149A9 /* Pods_HealthDiary_HealthDiaryUITests.framework */ = {isa = PBXFileReference; explicitFileType = wrapper.framework; includeInIndex = 0; path = Pods_HealthDiary_HealthDiaryUITests.framework; sourceTree = BUILT_PRODUCTS_DIR; };
		E05E6E64C5015A98D7A53FCF /* Pods_HealthDiaryTests.framework */ = {isa = PBXFileReference; explicitFileType = wrapper.framework; includeInIndex = 0; path = Pods_HealthDiaryTests.framework; sourceTree = BUILT_PRODUCTS_DIR; };
/* End PBXFileReference section */

/* Begin PBXFrameworksBuildPhase section */
		4F645C3D2600E0D90081A3E2 /* Frameworks */ = {
			isa = PBXFrameworksBuildPhase;
			buildActionMask = 2147483647;
			files = (
				A02E7EECCD6B07EC764E9BAB /* Pods_HealthDiary.framework in Frameworks */,
			);
			runOnlyForDeploymentPostprocessing = 0;
		};
		4F645C562600E0DB0081A3E2 /* Frameworks */ = {
			isa = PBXFrameworksBuildPhase;
			buildActionMask = 2147483647;
			files = (
				C7E4ABD0F379A8F8FC1A30AF /* Pods_HealthDiaryTests.framework in Frameworks */,
			);
			runOnlyForDeploymentPostprocessing = 0;
		};
		4F645C612600E0DB0081A3E2 /* Frameworks */ = {
			isa = PBXFrameworksBuildPhase;
			buildActionMask = 2147483647;
			files = (
				B50C6456E865B50A81F0B826 /* Pods_HealthDiary_HealthDiaryUITests.framework in Frameworks */,
			);
			runOnlyForDeploymentPostprocessing = 0;
		};
/* End PBXFrameworksBuildPhase section */

/* Begin PBXGroup section */
		1A5C17F6EAE522BD47A446D2 /* Pods */ = {
			isa = PBXGroup;
			children = (
				4C7ACF4197C66D933C562EA6 /* Pods-HealthDiary.debug.xcconfig */,
				D6825D649CE22ED76DB9FB10 /* Pods-HealthDiary.release.xcconfig */,
				CD2203022462C19D9B1BBA53 /* Pods-HealthDiary-HealthDiaryUITests.debug.xcconfig */,
				66FEFE698F286131195CB9EA /* Pods-HealthDiary-HealthDiaryUITests.release.xcconfig */,
				030346869310D5715AF191A2 /* Pods-HealthDiaryTests.debug.xcconfig */,
				445DCEBD648FF1BE0D41E8D0 /* Pods-HealthDiaryTests.release.xcconfig */,
			);
			path = Pods;
			sourceTree = "<group>";
		};
		4F645C372600E0D90081A3E2 = {
			isa = PBXGroup;
			children = (
				4F645C422600E0D90081A3E2 /* HealthDiary */,
				4F645C5C2600E0DB0081A3E2 /* HealthDiaryTests */,
				4F645C672600E0DB0081A3E2 /* HealthDiaryUITests */,
				4F645C412600E0D90081A3E2 /* Products */,
				1A5C17F6EAE522BD47A446D2 /* Pods */,
				506FBD76F8301B2CD205E69E /* Frameworks */,
			);
			sourceTree = "<group>";
		};
		4F645C412600E0D90081A3E2 /* Products */ = {
			isa = PBXGroup;
			children = (
				4F645C402600E0D90081A3E2 /* HealthDiary.app */,
				4F645C592600E0DB0081A3E2 /* HealthDiaryTests.xctest */,
				4F645C642600E0DB0081A3E2 /* HealthDiaryUITests.xctest */,
			);
			name = Products;
			sourceTree = "<group>";
		};
		4F645C422600E0D90081A3E2 /* HealthDiary */ = {
			isa = PBXGroup;
			children = (
				4F645C822600E1580081A3E2 /* Application */,
				4F645C8A2600E17A0081A3E2 /* Data */,
				4F645C962600E2030081A3E2 /* Domain */,
				4F645C952600E1FB0081A3E2 /* Presentation */,
				4F645C832600E15D0081A3E2 /* Resouces */,
			);
			path = HealthDiary;
			sourceTree = "<group>";
		};
		4F645C5C2600E0DB0081A3E2 /* HealthDiaryTests */ = {
			isa = PBXGroup;
			children = (
				4F645C5F2600E0DB0081A3E2 /* Info.plist */,
			);
			path = HealthDiaryTests;
			sourceTree = "<group>";
		};
		4F645C672600E0DB0081A3E2 /* HealthDiaryUITests */ = {
			isa = PBXGroup;
			children = (
				4F645C6A2600E0DB0081A3E2 /* Info.plist */,
			);
			path = HealthDiaryUITests;
			sourceTree = "<group>";
		};
		4F645C822600E1580081A3E2 /* Application */ = {
			isa = PBXGroup;
			children = (
				4F645C432600E0D90081A3E2 /* AppDelegate.swift */,
				4F645C452600E0D90081A3E2 /* SceneDelegate.swift */,
				4F645CAA260196080081A3E2 /* DIContainer */,
				4F645CAB2601960E0081A3E2 /* FlowCoordinator */,
			);
			path = Application;
			sourceTree = "<group>";
		};
		4F645C832600E15D0081A3E2 /* Resouces */ = {
			isa = PBXGroup;
			children = (
				4F645C542600E0DA0081A3E2 /* Info.plist */,
				4F645C4F2600E0DA0081A3E2 /* Assets.xcassets */,
				4F645C512600E0DA0081A3E2 /* LaunchScreen.storyboard */,
			);
			path = Resouces;
			sourceTree = "<group>";
		};
		4F645C8A2600E17A0081A3E2 /* Data */ = {
			isa = PBXGroup;
			children = (
				4F645D3C2601C5CD0081A3E2 /* Storage */,
				4F645D3B2601C5C10081A3E2 /* Repository */,
			);
			path = Data;
			sourceTree = "<group>";
		};
		4F645C8B2600E17E0081A3E2 /* CoreData */ = {
			isa = PBXGroup;
			children = (
				4F645C8F2600E1DD0081A3E2 /* CoreDataStorage.xcdatamodeld */,
				4F645CDF2601B16C0081A3E2 /* CoreDataStorage.swift */,
			);
			path = CoreData;
			sourceTree = "<group>";
		};
		4F645C952600E1FB0081A3E2 /* Presentation */ = {
			isa = PBXGroup;
			children = (
				4F645C9E260193EA0081A3E2 /* TimelineFlow */,
				4F645C9D2601931C0081A3E2 /* DashboardFlow */,
				4F645C9C260192E60081A3E2 /* LaunchFlow */,
				4F645C9B260192DF0081A3E2 /* PersonalizeFlow */,
			);
			path = Presentation;
			sourceTree = "<group>";
		};
		4F645C962600E2030081A3E2 /* Domain */ = {
			isa = PBXGroup;
			children = (
				4F645D632601C7F90081A3E2 /* Interface */,
				4F645D5A2601C6D40081A3E2 /* Entity */,
			);
			path = Domain;
			sourceTree = "<group>";
		};
		4F645C9B260192DF0081A3E2 /* PersonalizeFlow */ = {
			isa = PBXGroup;
			children = (
			);
			path = PersonalizeFlow;
			sourceTree = "<group>";
		};
		4F645C9C260192E60081A3E2 /* LaunchFlow */ = {
			isa = PBXGroup;
			children = (
				4F645CA02601954B0081A3E2 /* FlowCoordinator */,
				4F645C9F2601953F0081A3E2 /* PostUI */,
			);
			path = LaunchFlow;
			sourceTree = "<group>";
		};
		4F645C9D2601931C0081A3E2 /* DashboardFlow */ = {
			isa = PBXGroup;
			children = (
			);
			path = DashboardFlow;
			sourceTree = "<group>";
		};
		4F645C9E260193EA0081A3E2 /* TimelineFlow */ = {
			isa = PBXGroup;
			children = (
			);
			path = TimelineFlow;
			sourceTree = "<group>";
		};
		4F645C9F2601953F0081A3E2 /* PostUI */ = {
			isa = PBXGroup;
			children = (
				4F645D0B2601B2FA0081A3E2 /* LNPostController.swift */,
				4F645D0C2601B2FA0081A3E2 /* LNPostView.swift */,
				4F645D0A2601B2FA0081A3E2 /* LNPostViewModel.swift */,
			);
			path = PostUI;
			sourceTree = "<group>";
		};
		4F645CA02601954B0081A3E2 /* FlowCoordinator */ = {
			isa = PBXGroup;
			children = (
				4F645D132601B3520081A3E2 /* LaunchFlowCoordinator.swift */,
			);
			path = FlowCoordinator;
			sourceTree = "<group>";
		};
		4F645CAA260196080081A3E2 /* DIContainer */ = {
			isa = PBXGroup;
			children = (
				4F645CE42601B1910081A3E2 /* AppDIContainer.swift */,
				4F645CF72601B26E0081A3E2 /* FlowCoordinator */,
				4F645CF62601B2650081A3E2 /* Repository */,
				4F645CF52601B2610081A3E2 /* UseCase */,
			);
			path = DIContainer;
			sourceTree = "<group>";
		};
		4F645CAB2601960E0081A3E2 /* FlowCoordinator */ = {
			isa = PBXGroup;
			children = (
				4F645CAC260196230081A3E2 /* AppFlowCoordinator.swift */,
				4F645CE92601B1FA0081A3E2 /* Factory */,
			);
			path = FlowCoordinator;
			sourceTree = "<group>";
		};
		4F645CE92601B1FA0081A3E2 /* Factory */ = {
			isa = PBXGroup;
			children = (
				4F645CEA2601B20C0081A3E2 /* FlowCoordinatorFactory.swift */,
			);
			path = Factory;
			sourceTree = "<group>";
		};
		4F645CF52601B2610081A3E2 /* UseCase */ = {
			isa = PBXGroup;
			children = (
				4F645CF92601B2850081A3E2 /* Factory */,
			);
			path = UseCase;
			sourceTree = "<group>";
		};
		4F645CF62601B2650081A3E2 /* Repository */ = {
			isa = PBXGroup;
			children = (
				4F645CF82601B27F0081A3E2 /* Factory */,
			);
			path = Repository;
			sourceTree = "<group>";
		};
		4F645CF72601B26E0081A3E2 /* FlowCoordinator */ = {
			isa = PBXGroup;
			children = (
				4F645D202601B5020081A3E2 /* AppDIContainer+LaunchFlowCoordinatorFactory.swift */,
			);
			path = FlowCoordinator;
			sourceTree = "<group>";
		};
		4F645CF82601B27F0081A3E2 /* Factory */ = {
			isa = PBXGroup;
			children = (
				4F645D022601B2A30081A3E2 /* RepositoryFactory.swift */,
			);
			path = Factory;
			sourceTree = "<group>";
		};
		4F645CF92601B2850081A3E2 /* Factory */ = {
			isa = PBXGroup;
			children = (
				4F645CFA2601B28F0081A3E2 /* UseCaseFactory.swift */,
			);
			path = Factory;
			sourceTree = "<group>";
		};
		4F645D3B2601C5C10081A3E2 /* Repository */ = {
			isa = PBXGroup;
			children = (
			);
			path = Repository;
			sourceTree = "<group>";
		};
		4F645D3C2601C5CD0081A3E2 /* Storage */ = {
			isa = PBXGroup;
			children = (
				4F645D402601C5F20081A3E2 /* Activity */,
				4F645C8B2600E17E0081A3E2 /* CoreData */,
			);
			path = Storage;
			sourceTree = "<group>";
		};
		4F645D402601C5F20081A3E2 /* Activity */ = {
			isa = PBXGroup;
			children = (
				4F645D442601C6070081A3E2 /* Local */,
				4F645D462601C61D0081A3E2 /* ActivityStorage.swift */,
			);
			path = Activity;
			sourceTree = "<group>";
		};
		4F645D442601C6070081A3E2 /* Local */ = {
			isa = PBXGroup;
			children = (
				4F645D452601C6140081A3E2 /* Entity */,
				4F645D4E2601C6300081A3E2 /* LocalActivityStorage.swift */,
			);
			path = Local;
			sourceTree = "<group>";
		};
		4F645D452601C6140081A3E2 /* Entity */ = {
			isa = PBXGroup;
			children = (
				4F645D532601C6C30081A3E2 /* ActivityEntity+CoreDataClass.swift */,
				4F645D542601C6C30081A3E2 /* ActivityEntity+CoreDataProperties.swift */,
			);
			path = Entity;
			sourceTree = "<group>";
		};
		4F645D5A2601C6D40081A3E2 /* Entity */ = {
			isa = PBXGroup;
			children = (
				4F645D5B2601C6DE0081A3E2 /* ActivityDomain.swift */,
			);
			path = Entity;
			sourceTree = "<group>";
		};
		4F645D632601C7F90081A3E2 /* Interface */ = {
			isa = PBXGroup;
			children = (
			);
			path = Interface;
			sourceTree = "<group>";
		};
		506FBD76F8301B2CD205E69E /* Frameworks */ = {
			isa = PBXGroup;
			children = (
				771525B7AA482AABE59BFB4D /* Pods_HealthDiary.framework */,
				D7D996374EF2A39A308149A9 /* Pods_HealthDiary_HealthDiaryUITests.framework */,
				E05E6E64C5015A98D7A53FCF /* Pods_HealthDiaryTests.framework */,
			);
			name = Frameworks;
			sourceTree = "<group>";
		};
/* End PBXGroup section */

/* Begin PBXNativeTarget section */
		4F645C3F2600E0D90081A3E2 /* HealthDiary */ = {
			isa = PBXNativeTarget;
			buildConfigurationList = 4F645C6D2600E0DB0081A3E2 /* Build configuration list for PBXNativeTarget "HealthDiary" */;
			buildPhases = (
				9C15CBFFAB3BBC48287FB22B /* [CP] Check Pods Manifest.lock */,
				4F645C3C2600E0D90081A3E2 /* Sources */,
				4F645C3D2600E0D90081A3E2 /* Frameworks */,
				4F645C3E2600E0D90081A3E2 /* Resources */,
				49F0771287DE16CEA4ED42EB /* [CP] Embed Pods Frameworks */,
			);
			buildRules = (
			);
			dependencies = (
			);
			name = HealthDiary;
			productName = healthdiary;
			productReference = 4F645C402600E0D90081A3E2 /* HealthDiary.app */;
			productType = "com.apple.product-type.application";
		};
		4F645C582600E0DB0081A3E2 /* HealthDiaryTests */ = {
			isa = PBXNativeTarget;
			buildConfigurationList = 4F645C702600E0DB0081A3E2 /* Build configuration list for PBXNativeTarget "HealthDiaryTests" */;
			buildPhases = (
				037FC094392CCFDF362DF61B /* [CP] Check Pods Manifest.lock */,
				4F645C552600E0DB0081A3E2 /* Sources */,
				4F645C562600E0DB0081A3E2 /* Frameworks */,
				4F645C572600E0DB0081A3E2 /* Resources */,
				3A3C0EAA158229E884044140 /* [CP] Embed Pods Frameworks */,
			);
			buildRules = (
			);
			dependencies = (
				4F645C5B2600E0DB0081A3E2 /* PBXTargetDependency */,
			);
			name = HealthDiaryTests;
			productName = healthdiaryTests;
			productReference = 4F645C592600E0DB0081A3E2 /* HealthDiaryTests.xctest */;
			productType = "com.apple.product-type.bundle.unit-test";
		};
		4F645C632600E0DB0081A3E2 /* HealthDiaryUITests */ = {
			isa = PBXNativeTarget;
			buildConfigurationList = 4F645C732600E0DB0081A3E2 /* Build configuration list for PBXNativeTarget "HealthDiaryUITests" */;
			buildPhases = (
				84670BEE17516F3A282835E7 /* [CP] Check Pods Manifest.lock */,
				4F645C602600E0DB0081A3E2 /* Sources */,
				4F645C612600E0DB0081A3E2 /* Frameworks */,
				4F645C622600E0DB0081A3E2 /* Resources */,
				73621453EABA4E40E7776107 /* [CP] Embed Pods Frameworks */,
			);
			buildRules = (
			);
			dependencies = (
				4F645C662600E0DB0081A3E2 /* PBXTargetDependency */,
			);
			name = HealthDiaryUITests;
			productName = healthdiaryUITests;
			productReference = 4F645C642600E0DB0081A3E2 /* HealthDiaryUITests.xctest */;
			productType = "com.apple.product-type.bundle.ui-testing";
		};
/* End PBXNativeTarget section */

/* Begin PBXProject section */
		4F645C382600E0D90081A3E2 /* Project object */ = {
			isa = PBXProject;
			attributes = {
				LastSwiftUpdateCheck = 1240;
				LastUpgradeCheck = 1240;
				TargetAttributes = {
					4F645C3F2600E0D90081A3E2 = {
						CreatedOnToolsVersion = 12.4;
					};
					4F645C582600E0DB0081A3E2 = {
						CreatedOnToolsVersion = 12.4;
						TestTargetID = 4F645C3F2600E0D90081A3E2;
					};
					4F645C632600E0DB0081A3E2 = {
						CreatedOnToolsVersion = 12.4;
						TestTargetID = 4F645C3F2600E0D90081A3E2;
					};
				};
			};
			buildConfigurationList = 4F645C3B2600E0D90081A3E2 /* Build configuration list for PBXProject "HealthDiary" */;
			compatibilityVersion = "Xcode 9.3";
			developmentRegion = en;
			hasScannedForEncodings = 0;
			knownRegions = (
				en,
				Base,
			);
			mainGroup = 4F645C372600E0D90081A3E2;
			productRefGroup = 4F645C412600E0D90081A3E2 /* Products */;
			projectDirPath = "";
			projectRoot = "";
			targets = (
				4F645C3F2600E0D90081A3E2 /* HealthDiary */,
				4F645C582600E0DB0081A3E2 /* HealthDiaryTests */,
				4F645C632600E0DB0081A3E2 /* HealthDiaryUITests */,
			);
		};
/* End PBXProject section */

/* Begin PBXResourcesBuildPhase section */
		4F645C3E2600E0D90081A3E2 /* Resources */ = {
			isa = PBXResourcesBuildPhase;
			buildActionMask = 2147483647;
			files = (
				4F645C532600E0DA0081A3E2 /* LaunchScreen.storyboard in Resources */,
				4F645C502600E0DA0081A3E2 /* Assets.xcassets in Resources */,
			);
			runOnlyForDeploymentPostprocessing = 0;
		};
		4F645C572600E0DB0081A3E2 /* Resources */ = {
			isa = PBXResourcesBuildPhase;
			buildActionMask = 2147483647;
			files = (
			);
			runOnlyForDeploymentPostprocessing = 0;
		};
		4F645C622600E0DB0081A3E2 /* Resources */ = {
			isa = PBXResourcesBuildPhase;
			buildActionMask = 2147483647;
			files = (
			);
			runOnlyForDeploymentPostprocessing = 0;
		};
/* End PBXResourcesBuildPhase section */

/* Begin PBXShellScriptBuildPhase section */
		037FC094392CCFDF362DF61B /* [CP] Check Pods Manifest.lock */ = {
			isa = PBXShellScriptBuildPhase;
			buildActionMask = 2147483647;
			files = (
			);
			inputFileListPaths = (
			);
			inputPaths = (
				"${PODS_PODFILE_DIR_PATH}/Podfile.lock",
				"${PODS_ROOT}/Manifest.lock",
			);
			name = "[CP] Check Pods Manifest.lock";
			outputFileListPaths = (
			);
			outputPaths = (
				"$(DERIVED_FILE_DIR)/Pods-HealthDiaryTests-checkManifestLockResult.txt",
			);
			runOnlyForDeploymentPostprocessing = 0;
			shellPath = /bin/sh;
			shellScript = "diff \"${PODS_PODFILE_DIR_PATH}/Podfile.lock\" \"${PODS_ROOT}/Manifest.lock\" > /dev/null\nif [ $? != 0 ] ; then\n    # print error to STDERR\n    echo \"error: The sandbox is not in sync with the Podfile.lock. Run 'pod install' or update your CocoaPods installation.\" >&2\n    exit 1\nfi\n# This output is used by Xcode 'outputs' to avoid re-running this script phase.\necho \"SUCCESS\" > \"${SCRIPT_OUTPUT_FILE_0}\"\n";
			showEnvVarsInLog = 0;
		};
		3A3C0EAA158229E884044140 /* [CP] Embed Pods Frameworks */ = {
			isa = PBXShellScriptBuildPhase;
			buildActionMask = 2147483647;
			files = (
			);
			inputFileListPaths = (
				"${PODS_ROOT}/Target Support Files/Pods-HealthDiaryTests/Pods-HealthDiaryTests-frameworks-${CONFIGURATION}-input-files.xcfilelist",
			);
			name = "[CP] Embed Pods Frameworks";
			outputFileListPaths = (
				"${PODS_ROOT}/Target Support Files/Pods-HealthDiaryTests/Pods-HealthDiaryTests-frameworks-${CONFIGURATION}-output-files.xcfilelist",
			);
			runOnlyForDeploymentPostprocessing = 0;
			shellPath = /bin/sh;
			shellScript = "\"${PODS_ROOT}/Target Support Files/Pods-HealthDiaryTests/Pods-HealthDiaryTests-frameworks.sh\"\n";
			showEnvVarsInLog = 0;
		};
		49F0771287DE16CEA4ED42EB /* [CP] Embed Pods Frameworks */ = {
			isa = PBXShellScriptBuildPhase;
			buildActionMask = 2147483647;
			files = (
			);
			inputFileListPaths = (
				"${PODS_ROOT}/Target Support Files/Pods-HealthDiary/Pods-HealthDiary-frameworks-${CONFIGURATION}-input-files.xcfilelist",
			);
			name = "[CP] Embed Pods Frameworks";
			outputFileListPaths = (
				"${PODS_ROOT}/Target Support Files/Pods-HealthDiary/Pods-HealthDiary-frameworks-${CONFIGURATION}-output-files.xcfilelist",
			);
			runOnlyForDeploymentPostprocessing = 0;
			shellPath = /bin/sh;
			shellScript = "\"${PODS_ROOT}/Target Support Files/Pods-HealthDiary/Pods-HealthDiary-frameworks.sh\"\n";
			showEnvVarsInLog = 0;
		};
		73621453EABA4E40E7776107 /* [CP] Embed Pods Frameworks */ = {
			isa = PBXShellScriptBuildPhase;
			buildActionMask = 2147483647;
			files = (
			);
			inputFileListPaths = (
				"${PODS_ROOT}/Target Support Files/Pods-HealthDiary-HealthDiaryUITests/Pods-HealthDiary-HealthDiaryUITests-frameworks-${CONFIGURATION}-input-files.xcfilelist",
			);
			name = "[CP] Embed Pods Frameworks";
			outputFileListPaths = (
				"${PODS_ROOT}/Target Support Files/Pods-HealthDiary-HealthDiaryUITests/Pods-HealthDiary-HealthDiaryUITests-frameworks-${CONFIGURATION}-output-files.xcfilelist",
			);
			runOnlyForDeploymentPostprocessing = 0;
			shellPath = /bin/sh;
			shellScript = "\"${PODS_ROOT}/Target Support Files/Pods-HealthDiary-HealthDiaryUITests/Pods-HealthDiary-HealthDiaryUITests-frameworks.sh\"\n";
			showEnvVarsInLog = 0;
		};
		84670BEE17516F3A282835E7 /* [CP] Check Pods Manifest.lock */ = {
			isa = PBXShellScriptBuildPhase;
			buildActionMask = 2147483647;
			files = (
			);
			inputFileListPaths = (
			);
			inputPaths = (
				"${PODS_PODFILE_DIR_PATH}/Podfile.lock",
				"${PODS_ROOT}/Manifest.lock",
			);
			name = "[CP] Check Pods Manifest.lock";
			outputFileListPaths = (
			);
			outputPaths = (
				"$(DERIVED_FILE_DIR)/Pods-HealthDiary-HealthDiaryUITests-checkManifestLockResult.txt",
			);
			runOnlyForDeploymentPostprocessing = 0;
			shellPath = /bin/sh;
			shellScript = "diff \"${PODS_PODFILE_DIR_PATH}/Podfile.lock\" \"${PODS_ROOT}/Manifest.lock\" > /dev/null\nif [ $? != 0 ] ; then\n    # print error to STDERR\n    echo \"error: The sandbox is not in sync with the Podfile.lock. Run 'pod install' or update your CocoaPods installation.\" >&2\n    exit 1\nfi\n# This output is used by Xcode 'outputs' to avoid re-running this script phase.\necho \"SUCCESS\" > \"${SCRIPT_OUTPUT_FILE_0}\"\n";
			showEnvVarsInLog = 0;
		};
		9C15CBFFAB3BBC48287FB22B /* [CP] Check Pods Manifest.lock */ = {
			isa = PBXShellScriptBuildPhase;
			buildActionMask = 2147483647;
			files = (
			);
			inputFileListPaths = (
			);
			inputPaths = (
				"${PODS_PODFILE_DIR_PATH}/Podfile.lock",
				"${PODS_ROOT}/Manifest.lock",
			);
			name = "[CP] Check Pods Manifest.lock";
			outputFileListPaths = (
			);
			outputPaths = (
				"$(DERIVED_FILE_DIR)/Pods-HealthDiary-checkManifestLockResult.txt",
			);
			runOnlyForDeploymentPostprocessing = 0;
			shellPath = /bin/sh;
			shellScript = "diff \"${PODS_PODFILE_DIR_PATH}/Podfile.lock\" \"${PODS_ROOT}/Manifest.lock\" > /dev/null\nif [ $? != 0 ] ; then\n    # print error to STDERR\n    echo \"error: The sandbox is not in sync with the Podfile.lock. Run 'pod install' or update your CocoaPods installation.\" >&2\n    exit 1\nfi\n# This output is used by Xcode 'outputs' to avoid re-running this script phase.\necho \"SUCCESS\" > \"${SCRIPT_OUTPUT_FILE_0}\"\n";
			showEnvVarsInLog = 0;
		};
/* End PBXShellScriptBuildPhase section */

/* Begin PBXSourcesBuildPhase section */
		4F645C3C2600E0D90081A3E2 /* Sources */ = {
			isa = PBXSourcesBuildPhase;
			buildActionMask = 2147483647;
			files = (
				4F645D142601B3520081A3E2 /* LaunchFlowCoordinator.swift in Sources */,
				4F645CE52601B1910081A3E2 /* AppDIContainer.swift in Sources */,
				4F645D4F2601C6300081A3E2 /* LocalActivityStorage.swift in Sources */,
				4F645D0E2601B2FA0081A3E2 /* LNPostController.swift in Sources */,
				4F645D472601C61D0081A3E2 /* ActivityStorage.swift in Sources */,
				4F645D212601B5020081A3E2 /* AppDIContainer+LaunchFlowCoordinatorFactory.swift in Sources */,
				4F645D0F2601B2FA0081A3E2 /* LNPostView.swift in Sources */,
				4F645CE02601B16C0081A3E2 /* CoreDataStorage.swift in Sources */,
				4F645D0D2601B2FA0081A3E2 /* LNPostViewModel.swift in Sources */,
				4F645C912600E1DD0081A3E2 /* CoreDataStorage.xcdatamodeld in Sources */,
				4F645CAD260196230081A3E2 /* AppFlowCoordinator.swift in Sources */,
				4F645D5C2601C6DE0081A3E2 /* ActivityDomain.swift in Sources */,
				4F645D562601C6C30081A3E2 /* ActivityEntity+CoreDataProperties.swift in Sources */,
				4F645C442600E0D90081A3E2 /* AppDelegate.swift in Sources */,
				4F645D032601B2A30081A3E2 /* RepositoryFactory.swift in Sources */,
				4F645C462600E0D90081A3E2 /* SceneDelegate.swift in Sources */,
				4F645CFB2601B28F0081A3E2 /* UseCaseFactory.swift in Sources */,
				4F645D552601C6C30081A3E2 /* ActivityEntity+CoreDataClass.swift in Sources */,
				4F645CEB2601B20C0081A3E2 /* FlowCoordinatorFactory.swift in Sources */,
			);
			runOnlyForDeploymentPostprocessing = 0;
		};
		4F645C552600E0DB0081A3E2 /* Sources */ = {
			isa = PBXSourcesBuildPhase;
			buildActionMask = 2147483647;
			files = (
			);
			runOnlyForDeploymentPostprocessing = 0;
		};
		4F645C602600E0DB0081A3E2 /* Sources */ = {
			isa = PBXSourcesBuildPhase;
			buildActionMask = 2147483647;
			files = (
			);
			runOnlyForDeploymentPostprocessing = 0;
		};
/* End PBXSourcesBuildPhase section */

/* Begin PBXTargetDependency section */
		4F645C5B2600E0DB0081A3E2 /* PBXTargetDependency */ = {
			isa = PBXTargetDependency;
			target = 4F645C3F2600E0D90081A3E2 /* HealthDiary */;
			targetProxy = 4F645C5A2600E0DB0081A3E2 /* PBXContainerItemProxy */;
		};
		4F645C662600E0DB0081A3E2 /* PBXTargetDependency */ = {
			isa = PBXTargetDependency;
			target = 4F645C3F2600E0D90081A3E2 /* HealthDiary */;
			targetProxy = 4F645C652600E0DB0081A3E2 /* PBXContainerItemProxy */;
		};
/* End PBXTargetDependency section */

/* Begin PBXVariantGroup section */
		4F645C512600E0DA0081A3E2 /* LaunchScreen.storyboard */ = {
			isa = PBXVariantGroup;
			children = (
				4F645C522600E0DA0081A3E2 /* Base */,
			);
			name = LaunchScreen.storyboard;
			sourceTree = "<group>";
		};
/* End PBXVariantGroup section */

/* Begin XCBuildConfiguration section */
		4F645C6B2600E0DB0081A3E2 /* Debug */ = {
			isa = XCBuildConfiguration;
			buildSettings = {
				ALWAYS_SEARCH_USER_PATHS = NO;
				CLANG_ANALYZER_NONNULL = YES;
				CLANG_ANALYZER_NUMBER_OBJECT_CONVERSION = YES_AGGRESSIVE;
				CLANG_CXX_LANGUAGE_STANDARD = "gnu++14";
				CLANG_CXX_LIBRARY = "libc++";
				CLANG_ENABLE_MODULES = YES;
				CLANG_ENABLE_OBJC_ARC = YES;
				CLANG_ENABLE_OBJC_WEAK = YES;
				CLANG_WARN_BLOCK_CAPTURE_AUTORELEASING = YES;
				CLANG_WARN_BOOL_CONVERSION = YES;
				CLANG_WARN_COMMA = YES;
				CLANG_WARN_CONSTANT_CONVERSION = YES;
				CLANG_WARN_DEPRECATED_OBJC_IMPLEMENTATIONS = YES;
				CLANG_WARN_DIRECT_OBJC_ISA_USAGE = YES_ERROR;
				CLANG_WARN_DOCUMENTATION_COMMENTS = YES;
				CLANG_WARN_EMPTY_BODY = YES;
				CLANG_WARN_ENUM_CONVERSION = YES;
				CLANG_WARN_INFINITE_RECURSION = YES;
				CLANG_WARN_INT_CONVERSION = YES;
				CLANG_WARN_NON_LITERAL_NULL_CONVERSION = YES;
				CLANG_WARN_OBJC_IMPLICIT_RETAIN_SELF = YES;
				CLANG_WARN_OBJC_LITERAL_CONVERSION = YES;
				CLANG_WARN_OBJC_ROOT_CLASS = YES_ERROR;
				CLANG_WARN_QUOTED_INCLUDE_IN_FRAMEWORK_HEADER = YES;
				CLANG_WARN_RANGE_LOOP_ANALYSIS = YES;
				CLANG_WARN_STRICT_PROTOTYPES = YES;
				CLANG_WARN_SUSPICIOUS_MOVE = YES;
				CLANG_WARN_UNGUARDED_AVAILABILITY = YES_AGGRESSIVE;
				CLANG_WARN_UNREACHABLE_CODE = YES;
				CLANG_WARN__DUPLICATE_METHOD_MATCH = YES;
				COPY_PHASE_STRIP = NO;
				DEBUG_INFORMATION_FORMAT = dwarf;
				ENABLE_STRICT_OBJC_MSGSEND = YES;
				ENABLE_TESTABILITY = YES;
				GCC_C_LANGUAGE_STANDARD = gnu11;
				GCC_DYNAMIC_NO_PIC = NO;
				GCC_NO_COMMON_BLOCKS = YES;
				GCC_OPTIMIZATION_LEVEL = 0;
				GCC_PREPROCESSOR_DEFINITIONS = (
					"DEBUG=1",
					"$(inherited)",
				);
				GCC_WARN_64_TO_32_BIT_CONVERSION = YES;
				GCC_WARN_ABOUT_RETURN_TYPE = YES_ERROR;
				GCC_WARN_UNDECLARED_SELECTOR = YES;
				GCC_WARN_UNINITIALIZED_AUTOS = YES_AGGRESSIVE;
				GCC_WARN_UNUSED_FUNCTION = YES;
				GCC_WARN_UNUSED_VARIABLE = YES;
				IPHONEOS_DEPLOYMENT_TARGET = 14.4;
				MTL_ENABLE_DEBUG_INFO = INCLUDE_SOURCE;
				MTL_FAST_MATH = YES;
				ONLY_ACTIVE_ARCH = YES;
				SDKROOT = iphoneos;
				SWIFT_ACTIVE_COMPILATION_CONDITIONS = DEBUG;
				SWIFT_OPTIMIZATION_LEVEL = "-Onone";
			};
			name = Debug;
		};
		4F645C6C2600E0DB0081A3E2 /* Release */ = {
			isa = XCBuildConfiguration;
			buildSettings = {
				ALWAYS_SEARCH_USER_PATHS = NO;
				CLANG_ANALYZER_NONNULL = YES;
				CLANG_ANALYZER_NUMBER_OBJECT_CONVERSION = YES_AGGRESSIVE;
				CLANG_CXX_LANGUAGE_STANDARD = "gnu++14";
				CLANG_CXX_LIBRARY = "libc++";
				CLANG_ENABLE_MODULES = YES;
				CLANG_ENABLE_OBJC_ARC = YES;
				CLANG_ENABLE_OBJC_WEAK = YES;
				CLANG_WARN_BLOCK_CAPTURE_AUTORELEASING = YES;
				CLANG_WARN_BOOL_CONVERSION = YES;
				CLANG_WARN_COMMA = YES;
				CLANG_WARN_CONSTANT_CONVERSION = YES;
				CLANG_WARN_DEPRECATED_OBJC_IMPLEMENTATIONS = YES;
				CLANG_WARN_DIRECT_OBJC_ISA_USAGE = YES_ERROR;
				CLANG_WARN_DOCUMENTATION_COMMENTS = YES;
				CLANG_WARN_EMPTY_BODY = YES;
				CLANG_WARN_ENUM_CONVERSION = YES;
				CLANG_WARN_INFINITE_RECURSION = YES;
				CLANG_WARN_INT_CONVERSION = YES;
				CLANG_WARN_NON_LITERAL_NULL_CONVERSION = YES;
				CLANG_WARN_OBJC_IMPLICIT_RETAIN_SELF = YES;
				CLANG_WARN_OBJC_LITERAL_CONVERSION = YES;
				CLANG_WARN_OBJC_ROOT_CLASS = YES_ERROR;
				CLANG_WARN_QUOTED_INCLUDE_IN_FRAMEWORK_HEADER = YES;
				CLANG_WARN_RANGE_LOOP_ANALYSIS = YES;
				CLANG_WARN_STRICT_PROTOTYPES = YES;
				CLANG_WARN_SUSPICIOUS_MOVE = YES;
				CLANG_WARN_UNGUARDED_AVAILABILITY = YES_AGGRESSIVE;
				CLANG_WARN_UNREACHABLE_CODE = YES;
				CLANG_WARN__DUPLICATE_METHOD_MATCH = YES;
				COPY_PHASE_STRIP = NO;
				DEBUG_INFORMATION_FORMAT = "dwarf-with-dsym";
				ENABLE_NS_ASSERTIONS = NO;
				ENABLE_STRICT_OBJC_MSGSEND = YES;
				GCC_C_LANGUAGE_STANDARD = gnu11;
				GCC_NO_COMMON_BLOCKS = YES;
				GCC_WARN_64_TO_32_BIT_CONVERSION = YES;
				GCC_WARN_ABOUT_RETURN_TYPE = YES_ERROR;
				GCC_WARN_UNDECLARED_SELECTOR = YES;
				GCC_WARN_UNINITIALIZED_AUTOS = YES_AGGRESSIVE;
				GCC_WARN_UNUSED_FUNCTION = YES;
				GCC_WARN_UNUSED_VARIABLE = YES;
				IPHONEOS_DEPLOYMENT_TARGET = 14.4;
				MTL_ENABLE_DEBUG_INFO = NO;
				MTL_FAST_MATH = YES;
				SDKROOT = iphoneos;
				SWIFT_COMPILATION_MODE = wholemodule;
				SWIFT_OPTIMIZATION_LEVEL = "-O";
				VALIDATE_PRODUCT = YES;
			};
			name = Release;
		};
		4F645C6E2600E0DB0081A3E2 /* Debug */ = {
			isa = XCBuildConfiguration;
			baseConfigurationReference = 4C7ACF4197C66D933C562EA6 /* Pods-HealthDiary.debug.xcconfig */;
			buildSettings = {
				ASSETCATALOG_COMPILER_APPICON_NAME = AppIcon;
				ASSETCATALOG_COMPILER_GLOBAL_ACCENT_COLOR_NAME = AccentColor;
				CODE_SIGN_STYLE = Automatic;
				DEVELOPMENT_TEAM = 5NTQ9A32JY;
				INFOPLIST_FILE = "$(SRCROOT)/HealthDiary/Resouces/Info.plist";
				IPHONEOS_DEPLOYMENT_TARGET = 13.0;
				LD_RUNPATH_SEARCH_PATHS = (
					"$(inherited)",
					"@executable_path/Frameworks",
				);
				MARKETING_VERSION = 1.0.0;
				PRODUCT_BUNDLE_IDENTIFIER = com.arifluthfiansyah.healthdiary;
				PRODUCT_NAME = "$(TARGET_NAME)";
				SWIFT_VERSION = 5.0;
				TARGETED_DEVICE_FAMILY = 1;
			};
			name = Debug;
		};
		4F645C6F2600E0DB0081A3E2 /* Release */ = {
			isa = XCBuildConfiguration;
			baseConfigurationReference = D6825D649CE22ED76DB9FB10 /* Pods-HealthDiary.release.xcconfig */;
			buildSettings = {
				ASSETCATALOG_COMPILER_APPICON_NAME = AppIcon;
				ASSETCATALOG_COMPILER_GLOBAL_ACCENT_COLOR_NAME = AccentColor;
				CODE_SIGN_STYLE = Automatic;
				DEVELOPMENT_TEAM = 5NTQ9A32JY;
				INFOPLIST_FILE = "$(SRCROOT)/HealthDiary/Resouces/Info.plist";
				IPHONEOS_DEPLOYMENT_TARGET = 13.0;
				LD_RUNPATH_SEARCH_PATHS = (
					"$(inherited)",
					"@executable_path/Frameworks",
				);
				MARKETING_VERSION = 1.0.0;
				PRODUCT_BUNDLE_IDENTIFIER = com.arifluthfiansyah.healthdiary;
				PRODUCT_NAME = "$(TARGET_NAME)";
				SWIFT_VERSION = 5.0;
				TARGETED_DEVICE_FAMILY = 1;
			};
			name = Release;
		};
		4F645C712600E0DB0081A3E2 /* Debug */ = {
			isa = XCBuildConfiguration;
			baseConfigurationReference = 030346869310D5715AF191A2 /* Pods-HealthDiaryTests.debug.xcconfig */;
			buildSettings = {
				ALWAYS_EMBED_SWIFT_STANDARD_LIBRARIES = YES;
				BUNDLE_LOADER = "$(TEST_HOST)";
				CODE_SIGN_STYLE = Automatic;
				DEVELOPMENT_TEAM = 5NTQ9A32JY;
				INFOPLIST_FILE = healthdiaryTests/Info.plist;
				IPHONEOS_DEPLOYMENT_TARGET = 14.4;
				LD_RUNPATH_SEARCH_PATHS = (
					"$(inherited)",
					"@executable_path/Frameworks",
					"@loader_path/Frameworks",
				);
				PRODUCT_BUNDLE_IDENTIFIER = com.arifluthfiansyah.healthdiaryTests;
				PRODUCT_NAME = "$(TARGET_NAME)";
				SWIFT_VERSION = 5.0;
				TARGETED_DEVICE_FAMILY = "1,2";
				TEST_HOST = "$(BUILT_PRODUCTS_DIR)/HealthDiary.app/HealthDiary";
			};
			name = Debug;
		};
		4F645C722600E0DB0081A3E2 /* Release */ = {
			isa = XCBuildConfiguration;
			baseConfigurationReference = 445DCEBD648FF1BE0D41E8D0 /* Pods-HealthDiaryTests.release.xcconfig */;
			buildSettings = {
				ALWAYS_EMBED_SWIFT_STANDARD_LIBRARIES = YES;
				BUNDLE_LOADER = "$(TEST_HOST)";
				CODE_SIGN_STYLE = Automatic;
				DEVELOPMENT_TEAM = 5NTQ9A32JY;
				INFOPLIST_FILE = healthdiaryTests/Info.plist;
				IPHONEOS_DEPLOYMENT_TARGET = 14.4;
				LD_RUNPATH_SEARCH_PATHS = (
					"$(inherited)",
					"@executable_path/Frameworks",
					"@loader_path/Frameworks",
				);
				PRODUCT_BUNDLE_IDENTIFIER = com.arifluthfiansyah.healthdiaryTests;
				PRODUCT_NAME = "$(TARGET_NAME)";
				SWIFT_VERSION = 5.0;
				TARGETED_DEVICE_FAMILY = "1,2";
				TEST_HOST = "$(BUILT_PRODUCTS_DIR)/HealthDiary.app/HealthDiary";
			};
			name = Release;
		};
		4F645C742600E0DB0081A3E2 /* Debug */ = {
			isa = XCBuildConfiguration;
			baseConfigurationReference = CD2203022462C19D9B1BBA53 /* Pods-HealthDiary-HealthDiaryUITests.debug.xcconfig */;
			buildSettings = {
				ALWAYS_EMBED_SWIFT_STANDARD_LIBRARIES = YES;
				CODE_SIGN_STYLE = Automatic;
				DEVELOPMENT_TEAM = 5NTQ9A32JY;
				INFOPLIST_FILE = healthdiaryUITests/Info.plist;
				LD_RUNPATH_SEARCH_PATHS = (
					"$(inherited)",
					"@executable_path/Frameworks",
					"@loader_path/Frameworks",
				);
				PRODUCT_BUNDLE_IDENTIFIER = com.arifluthfiansyah.healthdiaryUITests;
				PRODUCT_NAME = "$(TARGET_NAME)";
				SWIFT_VERSION = 5.0;
				TARGETED_DEVICE_FAMILY = "1,2";
				TEST_TARGET_NAME = healthdiary;
			};
			name = Debug;
		};
		4F645C752600E0DB0081A3E2 /* Release */ = {
			isa = XCBuildConfiguration;
			baseConfigurationReference = 66FEFE698F286131195CB9EA /* Pods-HealthDiary-HealthDiaryUITests.release.xcconfig */;
			buildSettings = {
				ALWAYS_EMBED_SWIFT_STANDARD_LIBRARIES = YES;
				CODE_SIGN_STYLE = Automatic;
				DEVELOPMENT_TEAM = 5NTQ9A32JY;
				INFOPLIST_FILE = healthdiaryUITests/Info.plist;
				LD_RUNPATH_SEARCH_PATHS = (
					"$(inherited)",
					"@executable_path/Frameworks",
					"@loader_path/Frameworks",
				);
				PRODUCT_BUNDLE_IDENTIFIER = com.arifluthfiansyah.healthdiaryUITests;
				PRODUCT_NAME = "$(TARGET_NAME)";
				SWIFT_VERSION = 5.0;
				TARGETED_DEVICE_FAMILY = "1,2";
				TEST_TARGET_NAME = healthdiary;
			};
			name = Release;
		};
/* End XCBuildConfiguration section */

/* Begin XCConfigurationList section */
		4F645C3B2600E0D90081A3E2 /* Build configuration list for PBXProject "HealthDiary" */ = {
			isa = XCConfigurationList;
			buildConfigurations = (
				4F645C6B2600E0DB0081A3E2 /* Debug */,
				4F645C6C2600E0DB0081A3E2 /* Release */,
			);
			defaultConfigurationIsVisible = 0;
			defaultConfigurationName = Release;
		};
		4F645C6D2600E0DB0081A3E2 /* Build configuration list for PBXNativeTarget "HealthDiary" */ = {
			isa = XCConfigurationList;
			buildConfigurations = (
				4F645C6E2600E0DB0081A3E2 /* Debug */,
				4F645C6F2600E0DB0081A3E2 /* Release */,
			);
			defaultConfigurationIsVisible = 0;
			defaultConfigurationName = Release;
		};
		4F645C702600E0DB0081A3E2 /* Build configuration list for PBXNativeTarget "HealthDiaryTests" */ = {
			isa = XCConfigurationList;
			buildConfigurations = (
				4F645C712600E0DB0081A3E2 /* Debug */,
				4F645C722600E0DB0081A3E2 /* Release */,
			);
			defaultConfigurationIsVisible = 0;
			defaultConfigurationName = Release;
		};
		4F645C732600E0DB0081A3E2 /* Build configuration list for PBXNativeTarget "HealthDiaryUITests" */ = {
			isa = XCConfigurationList;
			buildConfigurations = (
				4F645C742600E0DB0081A3E2 /* Debug */,
				4F645C752600E0DB0081A3E2 /* Release */,
			);
			defaultConfigurationIsVisible = 0;
			defaultConfigurationName = Release;
		};
/* End XCConfigurationList section */

/* Begin XCVersionGroup section */
		4F645C8F2600E1DD0081A3E2 /* CoreDataStorage.xcdatamodeld */ = {
			isa = XCVersionGroup;
			children = (
				4F645C902600E1DD0081A3E2 /* CoreDataStorage.xcdatamodel */,
			);
			currentVersion = 4F645C902600E1DD0081A3E2 /* CoreDataStorage.xcdatamodel */;
			path = CoreDataStorage.xcdatamodeld;
			sourceTree = "<group>";
			versionGroupType = wrapper.xcdatamodel;
		};
/* End XCVersionGroup section */
	};
	rootObject = 4F645C382600E0D90081A3E2 /* Project object */;
}
