// !$*UTF8*$!
{
	archiveVersion = 1;
	classes = {
	};
	objectVersion = 51;
	objects = {

/* Begin PBXBuildFile section */
		170BA27824219E612B902B27 /* AppDelegate.swift in Sources */ = {isa = PBXBuildFile; fileRef = 0867702777C4CE11E1F5EBEB /* AppDelegate.swift */; };
		1CD925B7412E3C92072B2850 /* RepositoryFactory.swift in Sources */ = {isa = PBXBuildFile; fileRef = 010A3B048DB56CCD0F2D6919 /* RepositoryFactory.swift */; };
		1D7A3CE5D160ED82BDC6057E /* AppDIContainer.swift in Sources */ = {isa = PBXBuildFile; fileRef = B6119AF14B9A1BE4AE191D1C /* AppDIContainer.swift */; };
		266748FA7AE90404AB1A5944 /* ActivityEntity+CoreDataProperties.swift in Sources */ = {isa = PBXBuildFile; fileRef = 6AF785DA767EA7F4CD13B37B /* ActivityEntity+CoreDataProperties.swift */; };
		36A81F977634FC8BFD1E60A5 /* AppFlowCoordinator.swift in Sources */ = {isa = PBXBuildFile; fileRef = 4BC8B30DD0C35C36A41C916C /* AppFlowCoordinator.swift */; };
		44ABA95A4FFAECD5BE91365B /* ActivityDomain.swift in Sources */ = {isa = PBXBuildFile; fileRef = 0D32CD594018AF2833CD2A7C /* ActivityDomain.swift */; };
		4FB51932260732F6001EBA9B /* UIView+Round.swift in Sources */ = {isa = PBXBuildFile; fileRef = 4FB51931260732F6001EBA9B /* UIView+Round.swift */; };
		4FB5193926073BA3001EBA9B /* HDLoadingButton.swift in Sources */ = {isa = PBXBuildFile; fileRef = 4FB5193826073BA3001EBA9B /* HDLoadingButton.swift */; };
		4FB5194B260746DB001EBA9B /* CoreDataStorageMock.swift in Sources */ = {isa = PBXBuildFile; fileRef = 4FB5194A260746DB001EBA9B /* CoreDataStorageMock.swift */; };
		4FB5195926074836001EBA9B /* LocalActivityStorageTests.swift in Sources */ = {isa = PBXBuildFile; fileRef = 4FB5195826074836001EBA9B /* LocalActivityStorageTests.swift */; };
		4FB5195D2607485A001EBA9B /* XCTest+SUT.swift in Sources */ = {isa = PBXBuildFile; fileRef = 4FB5195C2607485A001EBA9B /* XCTest+SUT.swift */; };
		4FB5196226074B94001EBA9B /* CoreDataStorage.xcdatamodeld in Sources */ = {isa = PBXBuildFile; fileRef = BB4A8A61A153AC533A06A9ED /* CoreDataStorage.xcdatamodeld */; };
		4FB5196726074C7C001EBA9B /* ActivityDomain.swift in Sources */ = {isa = PBXBuildFile; fileRef = 4FB5196626074C7C001EBA9B /* ActivityDomain.swift */; };
		4FB5197126074D0C001EBA9B /* Date.swift in Sources */ = {isa = PBXBuildFile; fileRef = 4FB5196E26074D0C001EBA9B /* Date.swift */; };
		4FB5197226074D0C001EBA9B /* Int64.swift in Sources */ = {isa = PBXBuildFile; fileRef = 4FB5196F26074D0C001EBA9B /* Int64.swift */; };
		4FB5197326074D0C001EBA9B /* Array+Equatable.swift in Sources */ = {isa = PBXBuildFile; fileRef = 4FB5197026074D0C001EBA9B /* Array+Equatable.swift */; };
		533E02DA6488FAB3DD73300C /* LNWelcomeViewModel.swift in Sources */ = {isa = PBXBuildFile; fileRef = FD52C5DED3BA818570298B76 /* LNWelcomeViewModel.swift */; };
		5C2D9E2B8FACC03476EEC2B5 /* ActivityStorage.swift in Sources */ = {isa = PBXBuildFile; fileRef = 7ABCC38CD5B3D384C73C3BEF /* ActivityStorage.swift */; };
		5C6BC044ADD92A7C55C1667E /* FlowCoordinatorFactory.swift in Sources */ = {isa = PBXBuildFile; fileRef = B30D06C696712AB62FF74D7F /* FlowCoordinatorFactory.swift */; };
		5DE854515C1D1C7ED8837A83 /* AppDIContainer+LaunchFlowCoordinatorFactory.swift in Sources */ = {isa = PBXBuildFile; fileRef = A1EC9CEDF0C2222DD6082CC3 /* AppDIContainer+LaunchFlowCoordinatorFactory.swift */; };
		5F211000628E8DCF11B4FA88 /* LaunchScreen.storyboard in Resources */ = {isa = PBXBuildFile; fileRef = 25E563BBB42D71A352DAFD57 /* LaunchScreen.storyboard */; };
		65BFF35EF979044DC9C5F2B3 /* Assets.xcassets in Resources */ = {isa = PBXBuildFile; fileRef = 227AF8812605528E093DC1B5 /* Assets.xcassets */; };
		6ACB69181B906F8EEF823052 /* LocalActivityStorage.swift in Sources */ = {isa = PBXBuildFile; fileRef = AADD6553BF6385266B05782A /* LocalActivityStorage.swift */; };
		6CCF628C1DECE50A80B3AF07 /* CoreDataStorage.swift in Sources */ = {isa = PBXBuildFile; fileRef = A5F9231A9777E01AD6ECC367 /* CoreDataStorage.swift */; };
		6CDFC09F822D4E9901E58457 /* LNPostController.swift in Sources */ = {isa = PBXBuildFile; fileRef = 4AEE14991654F35957E68806 /* LNPostController.swift */; };
		70A81195DF6A178CA5D0A43C /* AppDIContainer+FlowCoordinatorFactory.swift in Sources */ = {isa = PBXBuildFile; fileRef = B62D43ACC3284D16C41967AE /* AppDIContainer+FlowCoordinatorFactory.swift */; };
		729374EA8C9C3A7776CB2E21 /* Pods_HealthDiaryTests.framework in Frameworks */ = {isa = PBXBuildFile; fileRef = AF5CD240A40FCC658F556744 /* Pods_HealthDiaryTests.framework */; };
		921F2479E2EE1CCE6619EA05 /* LaunchFlowCoordinator.swift in Sources */ = {isa = PBXBuildFile; fileRef = 77DC0B26CCA3EC86D1D2137A /* LaunchFlowCoordinator.swift */; };
		93A80BEB53D2C0452731AA93 /* SceneDelegate.swift in Sources */ = {isa = PBXBuildFile; fileRef = F594DC423450F716D5C46043 /* SceneDelegate.swift */; };
		A4AD1EF300EF787B9AD45445 /* LNWelcomeController.swift in Sources */ = {isa = PBXBuildFile; fileRef = 43AD090CB83D79B908A20CBF /* LNWelcomeController.swift */; };
		A798BC8152E9A43FD9A009B8 /* CoreDataStorage.xcdatamodeld in Sources */ = {isa = PBXBuildFile; fileRef = BB4A8A61A153AC533A06A9ED /* CoreDataStorage.xcdatamodeld */; };
		AB78265D75F8BA5B98FA9294 /* Pods_HealthDiary.framework in Frameworks */ = {isa = PBXBuildFile; fileRef = 7D89ADA906E44BE90E4D8FB6 /* Pods_HealthDiary.framework */; };
		BCA7AFBEF1A555B37D1DB9AD /* Thread.swift in Sources */ = {isa = PBXBuildFile; fileRef = 3561345DA7521AE38264004B /* Thread.swift */; };
		C21CA1A71451CCE19CB1CEDF /* UIPresentProperties.swift in Sources */ = {isa = PBXBuildFile; fileRef = 702D06EEC9823516728369B8 /* UIPresentProperties.swift */; };
		CEB005A1D140604E21A6E559 /* LNPostViewModel.swift in Sources */ = {isa = PBXBuildFile; fileRef = 5543E2220ED4349455D77E0E /* LNPostViewModel.swift */; };
		DB73B2CE2CE05F1294832FD0 /* ActivityEntity+CoreDataClass.swift in Sources */ = {isa = PBXBuildFile; fileRef = B90619471BF0C29651E7306A /* ActivityEntity+CoreDataClass.swift */; };
		DD312DA513E3552BE566655D /* UseCaseFactory.swift in Sources */ = {isa = PBXBuildFile; fileRef = E82E682E4B63141B2D417F16 /* UseCaseFactory.swift */; };
		E6107A0EFB775231B642E5F7 /* LNPostView.swift in Sources */ = {isa = PBXBuildFile; fileRef = 5D02A7FF9435DE0F6992CEB8 /* LNPostView.swift */; };
		FE8590A0437C56D9E013A67D /* LNWelcomeView.swift in Sources */ = {isa = PBXBuildFile; fileRef = 3F351BD38D0067FC61FE6891 /* LNWelcomeView.swift */; };
/* End PBXBuildFile section */

/* Begin PBXContainerItemProxy section */
		4FB5194E26074701001EBA9B /* PBXContainerItemProxy */ = {
			isa = PBXContainerItemProxy;
			containerPortal = 224E1AC4E273D8430F1C82BE /* Project object */;
			proxyType = 1;
			remoteGlobalIDString = 52E192C7D85EF003D4D7B665;
			remoteInfo = HealthDiary;
		};
/* End PBXContainerItemProxy section */

/* Begin PBXFileReference section */
		010A3B048DB56CCD0F2D6919 /* RepositoryFactory.swift */ = {isa = PBXFileReference; lastKnownFileType = sourcecode.swift; path = RepositoryFactory.swift; sourceTree = "<group>"; };
		0867702777C4CE11E1F5EBEB /* AppDelegate.swift */ = {isa = PBXFileReference; lastKnownFileType = sourcecode.swift; path = AppDelegate.swift; sourceTree = "<group>"; };
		08DE09085D907C2FA596811A /* Pods-HealthDiary.dev-release.xcconfig */ = {isa = PBXFileReference; includeInIndex = 1; lastKnownFileType = text.xcconfig; name = "Pods-HealthDiary.dev-release.xcconfig"; path = "Target Support Files/Pods-HealthDiary/Pods-HealthDiary.dev-release.xcconfig"; sourceTree = "<group>"; };
		0D32CD594018AF2833CD2A7C /* ActivityDomain.swift */ = {isa = PBXFileReference; lastKnownFileType = sourcecode.swift; path = ActivityDomain.swift; sourceTree = "<group>"; };
		17699FF9C2BFBB3893C6242F /* Pods-HealthDiary.sta-release.xcconfig */ = {isa = PBXFileReference; includeInIndex = 1; lastKnownFileType = text.xcconfig; name = "Pods-HealthDiary.sta-release.xcconfig"; path = "Target Support Files/Pods-HealthDiary/Pods-HealthDiary.sta-release.xcconfig"; sourceTree = "<group>"; };
		227AF8812605528E093DC1B5 /* Assets.xcassets */ = {isa = PBXFileReference; lastKnownFileType = folder.assetcatalog; path = Assets.xcassets; sourceTree = "<group>"; };
		3382C0CF39B1676347F4A0B9 /* Pods-HealthDiary.sta-debug.xcconfig */ = {isa = PBXFileReference; includeInIndex = 1; lastKnownFileType = text.xcconfig; name = "Pods-HealthDiary.sta-debug.xcconfig"; path = "Target Support Files/Pods-HealthDiary/Pods-HealthDiary.sta-debug.xcconfig"; sourceTree = "<group>"; };
		3561345DA7521AE38264004B /* Thread.swift */ = {isa = PBXFileReference; lastKnownFileType = sourcecode.swift; path = Thread.swift; sourceTree = "<group>"; };
		3F351BD38D0067FC61FE6891 /* LNWelcomeView.swift */ = {isa = PBXFileReference; lastKnownFileType = sourcecode.swift; path = LNWelcomeView.swift; sourceTree = "<group>"; };
		4252C060B83E721083A1DD5F /* Info.plist */ = {isa = PBXFileReference; lastKnownFileType = text.plist; path = Info.plist; sourceTree = "<group>"; };
		43AD090CB83D79B908A20CBF /* LNWelcomeController.swift */ = {isa = PBXFileReference; lastKnownFileType = sourcecode.swift; path = LNWelcomeController.swift; sourceTree = "<group>"; };
		4AEE14991654F35957E68806 /* LNPostController.swift */ = {isa = PBXFileReference; lastKnownFileType = sourcecode.swift; path = LNPostController.swift; sourceTree = "<group>"; };
		4BC8B30DD0C35C36A41C916C /* AppFlowCoordinator.swift */ = {isa = PBXFileReference; lastKnownFileType = sourcecode.swift; path = AppFlowCoordinator.swift; sourceTree = "<group>"; };
		4FB51931260732F6001EBA9B /* UIView+Round.swift */ = {isa = PBXFileReference; lastKnownFileType = sourcecode.swift; path = "UIView+Round.swift"; sourceTree = "<group>"; };
		4FB5193826073BA3001EBA9B /* HDLoadingButton.swift */ = {isa = PBXFileReference; lastKnownFileType = sourcecode.swift; path = HDLoadingButton.swift; sourceTree = "<group>"; };
		4FB5194A260746DB001EBA9B /* CoreDataStorageMock.swift */ = {isa = PBXFileReference; fileEncoding = 4; lastKnownFileType = sourcecode.swift; path = CoreDataStorageMock.swift; sourceTree = "<group>"; };
		4FB5195826074836001EBA9B /* LocalActivityStorageTests.swift */ = {isa = PBXFileReference; lastKnownFileType = sourcecode.swift; path = LocalActivityStorageTests.swift; sourceTree = "<group>"; };
		4FB5195C2607485A001EBA9B /* XCTest+SUT.swift */ = {isa = PBXFileReference; lastKnownFileType = sourcecode.swift; path = "XCTest+SUT.swift"; sourceTree = "<group>"; };
		4FB5196626074C7C001EBA9B /* ActivityDomain.swift */ = {isa = PBXFileReference; lastKnownFileType = sourcecode.swift; path = ActivityDomain.swift; sourceTree = "<group>"; };
		4FB5196E26074D0C001EBA9B /* Date.swift */ = {isa = PBXFileReference; fileEncoding = 4; lastKnownFileType = sourcecode.swift; path = Date.swift; sourceTree = "<group>"; };
		4FB5196F26074D0C001EBA9B /* Int64.swift */ = {isa = PBXFileReference; fileEncoding = 4; lastKnownFileType = sourcecode.swift; path = Int64.swift; sourceTree = "<group>"; };
		4FB5197026074D0C001EBA9B /* Array+Equatable.swift */ = {isa = PBXFileReference; fileEncoding = 4; lastKnownFileType = sourcecode.swift; path = "Array+Equatable.swift"; sourceTree = "<group>"; };
		5543E2220ED4349455D77E0E /* LNPostViewModel.swift */ = {isa = PBXFileReference; lastKnownFileType = sourcecode.swift; path = LNPostViewModel.swift; sourceTree = "<group>"; };
		59E3703F0DCDED6BE514B6DF /* Pods-HealthDiaryTests.pro-debug.xcconfig */ = {isa = PBXFileReference; includeInIndex = 1; lastKnownFileType = text.xcconfig; name = "Pods-HealthDiaryTests.pro-debug.xcconfig"; path = "Target Support Files/Pods-HealthDiaryTests/Pods-HealthDiaryTests.pro-debug.xcconfig"; sourceTree = "<group>"; };
		5D02A7FF9435DE0F6992CEB8 /* LNPostView.swift */ = {isa = PBXFileReference; lastKnownFileType = sourcecode.swift; path = LNPostView.swift; sourceTree = "<group>"; };
		66A2F5BB047F3DB6F664B1BE /* Info.plist */ = {isa = PBXFileReference; lastKnownFileType = text.plist; path = Info.plist; sourceTree = "<group>"; };
		6AF785DA767EA7F4CD13B37B /* ActivityEntity+CoreDataProperties.swift */ = {isa = PBXFileReference; lastKnownFileType = sourcecode.swift; path = "ActivityEntity+CoreDataProperties.swift"; sourceTree = "<group>"; };
		702D06EEC9823516728369B8 /* UIPresentProperties.swift */ = {isa = PBXFileReference; lastKnownFileType = sourcecode.swift; path = UIPresentProperties.swift; sourceTree = "<group>"; };
		77CE56CAD03A581AA5839637 /* Pods-HealthDiaryTests.sta-release.xcconfig */ = {isa = PBXFileReference; includeInIndex = 1; lastKnownFileType = text.xcconfig; name = "Pods-HealthDiaryTests.sta-release.xcconfig"; path = "Target Support Files/Pods-HealthDiaryTests/Pods-HealthDiaryTests.sta-release.xcconfig"; sourceTree = "<group>"; };
		77DC0B26CCA3EC86D1D2137A /* LaunchFlowCoordinator.swift */ = {isa = PBXFileReference; lastKnownFileType = sourcecode.swift; path = LaunchFlowCoordinator.swift; sourceTree = "<group>"; };
		7ABCC38CD5B3D384C73C3BEF /* ActivityStorage.swift */ = {isa = PBXFileReference; lastKnownFileType = sourcecode.swift; path = ActivityStorage.swift; sourceTree = "<group>"; };
		7D89ADA906E44BE90E4D8FB6 /* Pods_HealthDiary.framework */ = {isa = PBXFileReference; explicitFileType = wrapper.framework; includeInIndex = 0; path = Pods_HealthDiary.framework; sourceTree = BUILT_PRODUCTS_DIR; };
		8CC722AAC0B4B98A0E31AC82 /* Pods-HealthDiaryTests.sta-debug.xcconfig */ = {isa = PBXFileReference; includeInIndex = 1; lastKnownFileType = text.xcconfig; name = "Pods-HealthDiaryTests.sta-debug.xcconfig"; path = "Target Support Files/Pods-HealthDiaryTests/Pods-HealthDiaryTests.sta-debug.xcconfig"; sourceTree = "<group>"; };
		95A7D5DD013DF4293D171675 /* CoreDataStorage.xcdatamodel */ = {isa = PBXFileReference; lastKnownFileType = wrapper.xcdatamodel; path = CoreDataStorage.xcdatamodel; sourceTree = "<group>"; };
		A1EC9CEDF0C2222DD6082CC3 /* AppDIContainer+LaunchFlowCoordinatorFactory.swift */ = {isa = PBXFileReference; lastKnownFileType = sourcecode.swift; path = "AppDIContainer+LaunchFlowCoordinatorFactory.swift"; sourceTree = "<group>"; };
		A3BA86DD4E40F7F3AA5B4F24 /* HealthDiary.app */ = {isa = PBXFileReference; includeInIndex = 0; lastKnownFileType = wrapper.application; name = HealthDiary.app; path = "DEV Health Diary.app"; sourceTree = BUILT_PRODUCTS_DIR; };
		A5F9231A9777E01AD6ECC367 /* CoreDataStorage.swift */ = {isa = PBXFileReference; lastKnownFileType = sourcecode.swift; path = CoreDataStorage.swift; sourceTree = "<group>"; };
		AADD6553BF6385266B05782A /* LocalActivityStorage.swift */ = {isa = PBXFileReference; lastKnownFileType = sourcecode.swift; path = LocalActivityStorage.swift; sourceTree = "<group>"; };
		AF5CD240A40FCC658F556744 /* Pods_HealthDiaryTests.framework */ = {isa = PBXFileReference; explicitFileType = wrapper.framework; includeInIndex = 0; path = Pods_HealthDiaryTests.framework; sourceTree = BUILT_PRODUCTS_DIR; };
		B30D06C696712AB62FF74D7F /* FlowCoordinatorFactory.swift */ = {isa = PBXFileReference; lastKnownFileType = sourcecode.swift; path = FlowCoordinatorFactory.swift; sourceTree = "<group>"; };
		B6119AF14B9A1BE4AE191D1C /* AppDIContainer.swift */ = {isa = PBXFileReference; lastKnownFileType = sourcecode.swift; path = AppDIContainer.swift; sourceTree = "<group>"; };
		B62D43ACC3284D16C41967AE /* AppDIContainer+FlowCoordinatorFactory.swift */ = {isa = PBXFileReference; lastKnownFileType = sourcecode.swift; path = "AppDIContainer+FlowCoordinatorFactory.swift"; sourceTree = "<group>"; };
		B90619471BF0C29651E7306A /* ActivityEntity+CoreDataClass.swift */ = {isa = PBXFileReference; lastKnownFileType = sourcecode.swift; path = "ActivityEntity+CoreDataClass.swift"; sourceTree = "<group>"; };
		DD0A50B4554A46020CA9D10C /* Pods-HealthDiary.pro-release.xcconfig */ = {isa = PBXFileReference; includeInIndex = 1; lastKnownFileType = text.xcconfig; name = "Pods-HealthDiary.pro-release.xcconfig"; path = "Target Support Files/Pods-HealthDiary/Pods-HealthDiary.pro-release.xcconfig"; sourceTree = "<group>"; };
		DF4CC10ABB815F3488C77B34 /* Pods-HealthDiary.dev-debug.xcconfig */ = {isa = PBXFileReference; includeInIndex = 1; lastKnownFileType = text.xcconfig; name = "Pods-HealthDiary.dev-debug.xcconfig"; path = "Target Support Files/Pods-HealthDiary/Pods-HealthDiary.dev-debug.xcconfig"; sourceTree = "<group>"; };
		E5F98CC70B6357E9CB087530 /* Pods-HealthDiary.pro-debug.xcconfig */ = {isa = PBXFileReference; includeInIndex = 1; lastKnownFileType = text.xcconfig; name = "Pods-HealthDiary.pro-debug.xcconfig"; path = "Target Support Files/Pods-HealthDiary/Pods-HealthDiary.pro-debug.xcconfig"; sourceTree = "<group>"; };
		E82E682E4B63141B2D417F16 /* UseCaseFactory.swift */ = {isa = PBXFileReference; lastKnownFileType = sourcecode.swift; path = UseCaseFactory.swift; sourceTree = "<group>"; };
		EA75FFD899DDD3CB7FAB5D4E /* Pods-HealthDiaryTests.dev-debug.xcconfig */ = {isa = PBXFileReference; includeInIndex = 1; lastKnownFileType = text.xcconfig; name = "Pods-HealthDiaryTests.dev-debug.xcconfig"; path = "Target Support Files/Pods-HealthDiaryTests/Pods-HealthDiaryTests.dev-debug.xcconfig"; sourceTree = "<group>"; };
		F06C1892453DCB195DA4C5EC /* Pods-HealthDiaryTests.dev-release.xcconfig */ = {isa = PBXFileReference; includeInIndex = 1; lastKnownFileType = text.xcconfig; name = "Pods-HealthDiaryTests.dev-release.xcconfig"; path = "Target Support Files/Pods-HealthDiaryTests/Pods-HealthDiaryTests.dev-release.xcconfig"; sourceTree = "<group>"; };
		F2A32CCA84DBDBB6E3061459 /* Base */ = {isa = PBXFileReference; lastKnownFileType = file.storyboard; name = Base; path = Base.lproj/LaunchScreen.storyboard; sourceTree = "<group>"; };
		F4F930628B270B09C6A33B28 /* Pods-HealthDiaryTests.pro-release.xcconfig */ = {isa = PBXFileReference; includeInIndex = 1; lastKnownFileType = text.xcconfig; name = "Pods-HealthDiaryTests.pro-release.xcconfig"; path = "Target Support Files/Pods-HealthDiaryTests/Pods-HealthDiaryTests.pro-release.xcconfig"; sourceTree = "<group>"; };
		F594DC423450F716D5C46043 /* SceneDelegate.swift */ = {isa = PBXFileReference; lastKnownFileType = sourcecode.swift; path = SceneDelegate.swift; sourceTree = "<group>"; };
		FD52C5DED3BA818570298B76 /* LNWelcomeViewModel.swift */ = {isa = PBXFileReference; lastKnownFileType = sourcecode.swift; path = LNWelcomeViewModel.swift; sourceTree = "<group>"; };
		FF1576B373062AAB2A6CF435 /* HealthDiaryTests.xctest */ = {isa = PBXFileReference; explicitFileType = wrapper.cfbundle; includeInIndex = 0; path = HealthDiaryTests.xctest; sourceTree = BUILT_PRODUCTS_DIR; };
/* End PBXFileReference section */

/* Begin PBXFrameworksBuildPhase section */
		748ADA36BEF41D132CE3817A /* Frameworks */ = {
			isa = PBXFrameworksBuildPhase;
			buildActionMask = 2147483647;
			files = (
				729374EA8C9C3A7776CB2E21 /* Pods_HealthDiaryTests.framework in Frameworks */,
			);
			runOnlyForDeploymentPostprocessing = 0;
		};
		A8C2C80020F84E30939F2220 /* Frameworks */ = {
			isa = PBXFrameworksBuildPhase;
			buildActionMask = 2147483647;
			files = (
				AB78265D75F8BA5B98FA9294 /* Pods_HealthDiary.framework in Frameworks */,
			);
			runOnlyForDeploymentPostprocessing = 0;
		};
/* End PBXFrameworksBuildPhase section */

/* Begin PBXGroup section */
		047D644EB145A172AA6F771D /* HealthDiary */ = {
			isa = PBXGroup;
			children = (
				646F8B2059B8A5E811EC8ABA /* Application */,
				B2228428985FEBEBB16DF88E /* Common */,
				84CC3FD9529243211DAF3191 /* Data */,
				EDCC6217C686EE750A2CA32B /* Domain */,
				D52AC94E2FF55C34323965DB /* Presentation */,
				508394F8FD5783671F699140 /* Resources */,
			);
			path = HealthDiary;
			sourceTree = "<group>";
		};
		09FE28E0102E8F0B666032F7 /* Repository */ = {
			isa = PBXGroup;
			children = (
				D78EEE6B61F5C72A86E9481A /* Factory */,
			);
			path = Repository;
			sourceTree = "<group>";
		};
		0DB80C54A42596BEB941D6EA /* Local */ = {
			isa = PBXGroup;
			children = (
				AADD6553BF6385266B05782A /* LocalActivityStorage.swift */,
				EDE95E4F1E3ABC457A4AD079 /* Entity */,
			);
			path = Local;
			sourceTree = "<group>";
		};
		1641B80A9C8DE47660F96C8F /* LaunchFlow */ = {
			isa = PBXGroup;
			children = (
				226468311A3982E1351BDCAB /* FlowCoordinator */,
				EC64E7E0DE8EF44D6175CA16 /* PostUI */,
				D744B6C6976BAAD25F923F3B /* WelcomeUI */,
			);
			path = LaunchFlow;
			sourceTree = "<group>";
		};
		226468311A3982E1351BDCAB /* FlowCoordinator */ = {
			isa = PBXGroup;
			children = (
				77DC0B26CCA3EC86D1D2137A /* LaunchFlowCoordinator.swift */,
			);
			path = FlowCoordinator;
			sourceTree = "<group>";
		};
		2D97D4EA260FB0DF0CD9F5F4 /* Activity */ = {
			isa = PBXGroup;
			children = (
				7ABCC38CD5B3D384C73C3BEF /* ActivityStorage.swift */,
				0DB80C54A42596BEB941D6EA /* Local */,
			);
			path = Activity;
			sourceTree = "<group>";
		};
		30C7CCCC505CFE7ED8844C87 /* PersonalizeFlow */ = {
			isa = PBXGroup;
			children = (
			);
			path = PersonalizeFlow;
			sourceTree = "<group>";
		};
		34C3D8E6A6B95DC1C0E93A25 = {
			isa = PBXGroup;
			children = (
				047D644EB145A172AA6F771D /* HealthDiary */,
				4FE41341343F7BB138174726 /* HealthDiaryTests */,
				5D4FE0BD449A10F4F41A8EE9 /* Products */,
				E05D4D2D567D5AE4CD05DCA8 /* Pods */,
				998DBFDECD00037CA19CCB3A /* Frameworks */,
			);
			sourceTree = "<group>";
		};
		35EDF57F40B1B05074DA4D2A /* DIContainer */ = {
			isa = PBXGroup;
			children = (
				B6119AF14B9A1BE4AE191D1C /* AppDIContainer.swift */,
				B62D43ACC3284D16C41967AE /* AppDIContainer+FlowCoordinatorFactory.swift */,
				639EEB3570C155455DB9A4C5 /* FlowCoordinator */,
				09FE28E0102E8F0B666032F7 /* Repository */,
				F14321C4085CDF0C4F131C11 /* UseCase */,
			);
			path = DIContainer;
			sourceTree = "<group>";
		};
		393342F358EDB9CD961713A7 /* FlowCoordinator */ = {
			isa = PBXGroup;
			children = (
				4BC8B30DD0C35C36A41C916C /* AppFlowCoordinator.swift */,
				97AC8A5078C1A5CCE37B6841 /* Factory */,
			);
			path = FlowCoordinator;
			sourceTree = "<group>";
		};
		3BB164AD04886FF19D070178 /* Factory */ = {
			isa = PBXGroup;
			children = (
				E82E682E4B63141B2D417F16 /* UseCaseFactory.swift */,
			);
			path = Factory;
			sourceTree = "<group>";
		};
		4745E3888E8A6FEC6FD755E5 /* Utils */ = {
			isa = PBXGroup;
			children = (
				702D06EEC9823516728369B8 /* UIPresentProperties.swift */,
				4FB5193726073B94001EBA9B /* CustomView */,
				4FB51930260732E0001EBA9B /* Extension */,
			);
			path = Utils;
			sourceTree = "<group>";
		};
		4BE653A6C16F535C95E66896 /* CoreData */ = {
			isa = PBXGroup;
			children = (
				A5F9231A9777E01AD6ECC367 /* CoreDataStorage.swift */,
				BB4A8A61A153AC533A06A9ED /* CoreDataStorage.xcdatamodeld */,
			);
			path = CoreData;
			sourceTree = "<group>";
		};
		4FB51930260732E0001EBA9B /* Extension */ = {
			isa = PBXGroup;
			children = (
				4FB51931260732F6001EBA9B /* UIView+Round.swift */,
			);
			path = Extension;
			sourceTree = "<group>";
		};
		4FB5193726073B94001EBA9B /* CustomView */ = {
			isa = PBXGroup;
			children = (
				4FB5193826073BA3001EBA9B /* HDLoadingButton.swift */,
			);
			path = CustomView;
			sourceTree = "<group>";
		};
		4FB519432607409A001EBA9B /* Application */ = {
			isa = PBXGroup;
			children = (
			);
			path = Application;
			sourceTree = "<group>";
		};
		4FB519442607409F001EBA9B /* Data */ = {
			isa = PBXGroup;
			children = (
				4FB519522607475B001EBA9B /* Activity */,
				4FB51947260746BF001EBA9B /* CoreData */,
			);
			path = Data;
			sourceTree = "<group>";
		};
		4FB51945260740A3001EBA9B /* Domain */ = {
			isa = PBXGroup;
			children = (
				4FB5196526074C72001EBA9B /* Entity */,
			);
			path = Domain;
			sourceTree = "<group>";
		};
		4FB51946260740A9001EBA9B /* Presentation */ = {
			isa = PBXGroup;
			children = (
			);
			path = Presentation;
			sourceTree = "<group>";
		};
		4FB51947260746BF001EBA9B /* CoreData */ = {
			isa = PBXGroup;
			children = (
				4FB5194A260746DB001EBA9B /* CoreDataStorageMock.swift */,
			);
			path = CoreData;
			sourceTree = "<group>";
		};
		4FB519522607475B001EBA9B /* Activity */ = {
			isa = PBXGroup;
			children = (
				4FB51957260747F6001EBA9B /* Local */,
			);
			path = Activity;
			sourceTree = "<group>";
		};
		4FB51957260747F6001EBA9B /* Local */ = {
			isa = PBXGroup;
			children = (
				4FB5195826074836001EBA9B /* LocalActivityStorageTests.swift */,
			);
			path = Local;
			sourceTree = "<group>";
		};
		4FB5196526074C72001EBA9B /* Entity */ = {
			isa = PBXGroup;
			children = (
				4FB5196626074C7C001EBA9B /* ActivityDomain.swift */,
			);
			path = Entity;
			sourceTree = "<group>";
		};
		4FB5196C26074D0C001EBA9B /* Utils */ = {
			isa = PBXGroup;
			children = (
				4FB5196D26074D0C001EBA9B /* Extension */,
			);
			path = Utils;
			sourceTree = "<group>";
		};
		4FB5196D26074D0C001EBA9B /* Extension */ = {
			isa = PBXGroup;
			children = (
				4FB5196E26074D0C001EBA9B /* Date.swift */,
				4FB5196F26074D0C001EBA9B /* Int64.swift */,
				4FB5197026074D0C001EBA9B /* Array+Equatable.swift */,
			);
			path = Extension;
			sourceTree = "<group>";
		};
		4FE41341343F7BB138174726 /* HealthDiaryTests */ = {
			isa = PBXGroup;
			children = (
				66A2F5BB047F3DB6F664B1BE /* Info.plist */,
				4FB5195C2607485A001EBA9B /* XCTest+SUT.swift */,
				4FB519432607409A001EBA9B /* Application */,
				4FB519442607409F001EBA9B /* Data */,
				4FB51945260740A3001EBA9B /* Domain */,
				4FB51946260740A9001EBA9B /* Presentation */,
			);
			path = HealthDiaryTests;
			sourceTree = "<group>";
		};
		508394F8FD5783671F699140 /* Resources */ = {
			isa = PBXGroup;
			children = (
				227AF8812605528E093DC1B5 /* Assets.xcassets */,
				4252C060B83E721083A1DD5F /* Info.plist */,
				25E563BBB42D71A352DAFD57 /* LaunchScreen.storyboard */,
			);
			path = Resources;
			sourceTree = "<group>";
		};
		54E2A04D083643761A0F2C21 /* Storage */ = {
			isa = PBXGroup;
			children = (
				2D97D4EA260FB0DF0CD9F5F4 /* Activity */,
				4BE653A6C16F535C95E66896 /* CoreData */,
			);
			path = Storage;
			sourceTree = "<group>";
		};
		5AAC5FF0C34717ED1EB73AD8 /* Entity */ = {
			isa = PBXGroup;
			children = (
				0D32CD594018AF2833CD2A7C /* ActivityDomain.swift */,
			);
			path = Entity;
			sourceTree = "<group>";
		};
		5D4FE0BD449A10F4F41A8EE9 /* Products */ = {
			isa = PBXGroup;
			children = (
				A3BA86DD4E40F7F3AA5B4F24 /* HealthDiary.app */,
				FF1576B373062AAB2A6CF435 /* HealthDiaryTests.xctest */,
			);
			name = Products;
			sourceTree = "<group>";
		};
		639EEB3570C155455DB9A4C5 /* FlowCoordinator */ = {
			isa = PBXGroup;
			children = (
				A1EC9CEDF0C2222DD6082CC3 /* AppDIContainer+LaunchFlowCoordinatorFactory.swift */,
			);
			path = FlowCoordinator;
			sourceTree = "<group>";
		};
		646F8B2059B8A5E811EC8ABA /* Application */ = {
			isa = PBXGroup;
			children = (
				0867702777C4CE11E1F5EBEB /* AppDelegate.swift */,
				F594DC423450F716D5C46043 /* SceneDelegate.swift */,
				35EDF57F40B1B05074DA4D2A /* DIContainer */,
				393342F358EDB9CD961713A7 /* FlowCoordinator */,
			);
			path = Application;
			sourceTree = "<group>";
		};
		84CC3FD9529243211DAF3191 /* Data */ = {
			isa = PBXGroup;
			children = (
				F50800283B5DD18B67CC3BF9 /* Repository */,
				54E2A04D083643761A0F2C21 /* Storage */,
			);
			path = Data;
			sourceTree = "<group>";
		};
		97AC8A5078C1A5CCE37B6841 /* Factory */ = {
			isa = PBXGroup;
			children = (
				B30D06C696712AB62FF74D7F /* FlowCoordinatorFactory.swift */,
			);
			path = Factory;
			sourceTree = "<group>";
		};
		998DBFDECD00037CA19CCB3A /* Frameworks */ = {
			isa = PBXGroup;
			children = (
				7D89ADA906E44BE90E4D8FB6 /* Pods_HealthDiary.framework */,
				AF5CD240A40FCC658F556744 /* Pods_HealthDiaryTests.framework */,
			);
			name = Frameworks;
			sourceTree = "<group>";
		};
		B2228428985FEBEBB16DF88E /* Common */ = {
			isa = PBXGroup;
			children = (
				3561345DA7521AE38264004B /* Thread.swift */,
				4FB5196C26074D0C001EBA9B /* Utils */,
			);
			path = Common;
			sourceTree = "<group>";
		};
		B8893D00373746E5EF34A379 /* Interface */ = {
			isa = PBXGroup;
			children = (
			);
			path = Interface;
			sourceTree = "<group>";
		};
		D52AC94E2FF55C34323965DB /* Presentation */ = {
			isa = PBXGroup;
			children = (
				D79359D5943E994D10C51E6F /* DashboardFlow */,
				1641B80A9C8DE47660F96C8F /* LaunchFlow */,
				30C7CCCC505CFE7ED8844C87 /* PersonalizeFlow */,
				E41412EEAB69F2FC284DA68E /* TimelineFlow */,
				4745E3888E8A6FEC6FD755E5 /* Utils */,
			);
			path = Presentation;
			sourceTree = "<group>";
		};
		D744B6C6976BAAD25F923F3B /* WelcomeUI */ = {
			isa = PBXGroup;
			children = (
				43AD090CB83D79B908A20CBF /* LNWelcomeController.swift */,
				3F351BD38D0067FC61FE6891 /* LNWelcomeView.swift */,
				FD52C5DED3BA818570298B76 /* LNWelcomeViewModel.swift */,
			);
			path = WelcomeUI;
			sourceTree = "<group>";
		};
		D78EEE6B61F5C72A86E9481A /* Factory */ = {
			isa = PBXGroup;
			children = (
				010A3B048DB56CCD0F2D6919 /* RepositoryFactory.swift */,
			);
			path = Factory;
			sourceTree = "<group>";
		};
		D79359D5943E994D10C51E6F /* DashboardFlow */ = {
			isa = PBXGroup;
			children = (
			);
			path = DashboardFlow;
			sourceTree = "<group>";
		};
		E05D4D2D567D5AE4CD05DCA8 /* Pods */ = {
			isa = PBXGroup;
			children = (
				DF4CC10ABB815F3488C77B34 /* Pods-HealthDiary.dev-debug.xcconfig */,
				08DE09085D907C2FA596811A /* Pods-HealthDiary.dev-release.xcconfig */,
				E5F98CC70B6357E9CB087530 /* Pods-HealthDiary.pro-debug.xcconfig */,
				DD0A50B4554A46020CA9D10C /* Pods-HealthDiary.pro-release.xcconfig */,
				3382C0CF39B1676347F4A0B9 /* Pods-HealthDiary.sta-debug.xcconfig */,
				17699FF9C2BFBB3893C6242F /* Pods-HealthDiary.sta-release.xcconfig */,
				EA75FFD899DDD3CB7FAB5D4E /* Pods-HealthDiaryTests.dev-debug.xcconfig */,
				F06C1892453DCB195DA4C5EC /* Pods-HealthDiaryTests.dev-release.xcconfig */,
				59E3703F0DCDED6BE514B6DF /* Pods-HealthDiaryTests.pro-debug.xcconfig */,
				F4F930628B270B09C6A33B28 /* Pods-HealthDiaryTests.pro-release.xcconfig */,
				8CC722AAC0B4B98A0E31AC82 /* Pods-HealthDiaryTests.sta-debug.xcconfig */,
				77CE56CAD03A581AA5839637 /* Pods-HealthDiaryTests.sta-release.xcconfig */,
			);
			path = Pods;
			sourceTree = "<group>";
		};
		E41412EEAB69F2FC284DA68E /* TimelineFlow */ = {
			isa = PBXGroup;
			children = (
			);
			path = TimelineFlow;
			sourceTree = "<group>";
		};
		EC64E7E0DE8EF44D6175CA16 /* PostUI */ = {
			isa = PBXGroup;
			children = (
				4AEE14991654F35957E68806 /* LNPostController.swift */,
				5D02A7FF9435DE0F6992CEB8 /* LNPostView.swift */,
				5543E2220ED4349455D77E0E /* LNPostViewModel.swift */,
			);
			path = PostUI;
			sourceTree = "<group>";
		};
		EDCC6217C686EE750A2CA32B /* Domain */ = {
			isa = PBXGroup;
			children = (
				5AAC5FF0C34717ED1EB73AD8 /* Entity */,
				B8893D00373746E5EF34A379 /* Interface */,
			);
			path = Domain;
			sourceTree = "<group>";
		};
		EDE95E4F1E3ABC457A4AD079 /* Entity */ = {
			isa = PBXGroup;
			children = (
				B90619471BF0C29651E7306A /* ActivityEntity+CoreDataClass.swift */,
				6AF785DA767EA7F4CD13B37B /* ActivityEntity+CoreDataProperties.swift */,
			);
			path = Entity;
			sourceTree = "<group>";
		};
		F14321C4085CDF0C4F131C11 /* UseCase */ = {
			isa = PBXGroup;
			children = (
				3BB164AD04886FF19D070178 /* Factory */,
			);
			path = UseCase;
			sourceTree = "<group>";
		};
		F50800283B5DD18B67CC3BF9 /* Repository */ = {
			isa = PBXGroup;
			children = (
			);
			path = Repository;
			sourceTree = "<group>";
		};
/* End PBXGroup section */

/* Begin PBXNativeTarget section */
		52E192C7D85EF003D4D7B665 /* HealthDiary */ = {
			isa = PBXNativeTarget;
			buildConfigurationList = 9F7AAC570A8403A163B9081E /* Build configuration list for PBXNativeTarget "HealthDiary" */;
			buildPhases = (
				88E9A2AC10220D7B401DDD69 /* [CP] Check Pods Manifest.lock */,
				2F1337C4D2DC85B2AB9A6AD8 /* Sources */,
				2A60838664CB7980310F1B07 /* Resources */,
				A8C2C80020F84E30939F2220 /* Frameworks */,
				52E18705B54E5ECF674240D8 /* [CP] Embed Pods Frameworks */,
			);
			buildRules = (
			);
			dependencies = (
			);
			name = HealthDiary;
			productName = HealthDiary;
			productReference = A3BA86DD4E40F7F3AA5B4F24 /* HealthDiary.app */;
			productType = "com.apple.product-type.application";
		};
		94C22B05B18D21F6ABB44491 /* HealthDiaryTests */ = {
			isa = PBXNativeTarget;
			buildConfigurationList = BA237CA4ED650A2CFB5CE68D /* Build configuration list for PBXNativeTarget "HealthDiaryTests" */;
			buildPhases = (
				065E216F2527C324C9E26125 /* [CP] Check Pods Manifest.lock */,
				616BEDF1FE2A79F1D68CF98E /* Sources */,
				748ADA36BEF41D132CE3817A /* Frameworks */,
				B3A5593AAB949EE98EE182B7 /* [CP] Embed Pods Frameworks */,
			);
			buildRules = (
			);
			dependencies = (
				4FB5194F26074701001EBA9B /* PBXTargetDependency */,
			);
			name = HealthDiaryTests;
			productName = HealthDiaryTests;
			productReference = FF1576B373062AAB2A6CF435 /* HealthDiaryTests.xctest */;
			productType = "com.apple.product-type.bundle.unit-test";
		};
/* End PBXNativeTarget section */

/* Begin PBXProject section */
		224E1AC4E273D8430F1C82BE /* Project object */ = {
			isa = PBXProject;
			attributes = {
				LastUpgradeCheck = 1240;
				TargetAttributes = {
					52E192C7D85EF003D4D7B665 = {
						DevelopmentTeam = 5NTQ9A32JY;
						ProvisioningStyle = Automatic;
					};
					94C22B05B18D21F6ABB44491 = {
						LastSwiftMigration = 1240;
						TestTargetID = 52E192C7D85EF003D4D7B665;
					};
				};
			};
			buildConfigurationList = 7D13EEFDDB0B9CA99825BE85 /* Build configuration list for PBXProject "HealthDiary" */;
			compatibilityVersion = "Xcode 10.0";
			developmentRegion = en;
			hasScannedForEncodings = 0;
			knownRegions = (
				Base,
				en,
			);
			mainGroup = 34C3D8E6A6B95DC1C0E93A25;
			productRefGroup = 5D4FE0BD449A10F4F41A8EE9 /* Products */;
			projectDirPath = "";
			projectRoot = "";
			targets = (
				52E192C7D85EF003D4D7B665 /* HealthDiary */,
				94C22B05B18D21F6ABB44491 /* HealthDiaryTests */,
			);
		};
/* End PBXProject section */

/* Begin PBXResourcesBuildPhase section */
		2A60838664CB7980310F1B07 /* Resources */ = {
			isa = PBXResourcesBuildPhase;
			buildActionMask = 2147483647;
			files = (
				65BFF35EF979044DC9C5F2B3 /* Assets.xcassets in Resources */,
				5F211000628E8DCF11B4FA88 /* LaunchScreen.storyboard in Resources */,
			);
			runOnlyForDeploymentPostprocessing = 0;
		};
/* End PBXResourcesBuildPhase section */

/* Begin PBXShellScriptBuildPhase section */
		065E216F2527C324C9E26125 /* [CP] Check Pods Manifest.lock */ = {
			isa = PBXShellScriptBuildPhase;
			buildActionMask = 2147483647;
			files = (
			);
			inputFileListPaths = (
			);
			inputPaths = (
				"${PODS_PODFILE_DIR_PATH}/Podfile.lock",
				"${PODS_ROOT}/Manifest.lock",
			);
			name = "[CP] Check Pods Manifest.lock";
			outputFileListPaths = (
			);
			outputPaths = (
				"$(DERIVED_FILE_DIR)/Pods-HealthDiaryTests-checkManifestLockResult.txt",
			);
			runOnlyForDeploymentPostprocessing = 0;
			shellPath = /bin/sh;
			shellScript = "diff \"${PODS_PODFILE_DIR_PATH}/Podfile.lock\" \"${PODS_ROOT}/Manifest.lock\" > /dev/null\nif [ $? != 0 ] ; then\n    # print error to STDERR\n    echo \"error: The sandbox is not in sync with the Podfile.lock. Run 'pod install' or update your CocoaPods installation.\" >&2\n    exit 1\nfi\n# This output is used by Xcode 'outputs' to avoid re-running this script phase.\necho \"SUCCESS\" > \"${SCRIPT_OUTPUT_FILE_0}\"\n";
			showEnvVarsInLog = 0;
		};
		52E18705B54E5ECF674240D8 /* [CP] Embed Pods Frameworks */ = {
			isa = PBXShellScriptBuildPhase;
			buildActionMask = 2147483647;
			files = (
			);
			inputFileListPaths = (
				"${PODS_ROOT}/Target Support Files/Pods-HealthDiary/Pods-HealthDiary-frameworks-${CONFIGURATION}-input-files.xcfilelist",
			);
			name = "[CP] Embed Pods Frameworks";
			outputFileListPaths = (
				"${PODS_ROOT}/Target Support Files/Pods-HealthDiary/Pods-HealthDiary-frameworks-${CONFIGURATION}-output-files.xcfilelist",
			);
			runOnlyForDeploymentPostprocessing = 0;
			shellPath = /bin/sh;
			shellScript = "\"${PODS_ROOT}/Target Support Files/Pods-HealthDiary/Pods-HealthDiary-frameworks.sh\"\n";
			showEnvVarsInLog = 0;
		};
		88E9A2AC10220D7B401DDD69 /* [CP] Check Pods Manifest.lock */ = {
			isa = PBXShellScriptBuildPhase;
			buildActionMask = 2147483647;
			files = (
			);
			inputFileListPaths = (
			);
			inputPaths = (
				"${PODS_PODFILE_DIR_PATH}/Podfile.lock",
				"${PODS_ROOT}/Manifest.lock",
			);
			name = "[CP] Check Pods Manifest.lock";
			outputFileListPaths = (
			);
			outputPaths = (
				"$(DERIVED_FILE_DIR)/Pods-HealthDiary-checkManifestLockResult.txt",
			);
			runOnlyForDeploymentPostprocessing = 0;
			shellPath = /bin/sh;
			shellScript = "diff \"${PODS_PODFILE_DIR_PATH}/Podfile.lock\" \"${PODS_ROOT}/Manifest.lock\" > /dev/null\nif [ $? != 0 ] ; then\n    # print error to STDERR\n    echo \"error: The sandbox is not in sync with the Podfile.lock. Run 'pod install' or update your CocoaPods installation.\" >&2\n    exit 1\nfi\n# This output is used by Xcode 'outputs' to avoid re-running this script phase.\necho \"SUCCESS\" > \"${SCRIPT_OUTPUT_FILE_0}\"\n";
			showEnvVarsInLog = 0;
		};
		B3A5593AAB949EE98EE182B7 /* [CP] Embed Pods Frameworks */ = {
			isa = PBXShellScriptBuildPhase;
			buildActionMask = 2147483647;
			files = (
			);
			inputFileListPaths = (
				"${PODS_ROOT}/Target Support Files/Pods-HealthDiaryTests/Pods-HealthDiaryTests-frameworks-${CONFIGURATION}-input-files.xcfilelist",
			);
			name = "[CP] Embed Pods Frameworks";
			outputFileListPaths = (
				"${PODS_ROOT}/Target Support Files/Pods-HealthDiaryTests/Pods-HealthDiaryTests-frameworks-${CONFIGURATION}-output-files.xcfilelist",
			);
			runOnlyForDeploymentPostprocessing = 0;
			shellPath = /bin/sh;
			shellScript = "\"${PODS_ROOT}/Target Support Files/Pods-HealthDiaryTests/Pods-HealthDiaryTests-frameworks.sh\"\n";
			showEnvVarsInLog = 0;
		};
/* End PBXShellScriptBuildPhase section */

/* Begin PBXSourcesBuildPhase section */
		2F1337C4D2DC85B2AB9A6AD8 /* Sources */ = {
			isa = PBXSourcesBuildPhase;
			buildActionMask = 2147483647;
			files = (
				44ABA95A4FFAECD5BE91365B /* ActivityDomain.swift in Sources */,
				DB73B2CE2CE05F1294832FD0 /* ActivityEntity+CoreDataClass.swift in Sources */,
				266748FA7AE90404AB1A5944 /* ActivityEntity+CoreDataProperties.swift in Sources */,
				5C2D9E2B8FACC03476EEC2B5 /* ActivityStorage.swift in Sources */,
				70A81195DF6A178CA5D0A43C /* AppDIContainer+FlowCoordinatorFactory.swift in Sources */,
				5DE854515C1D1C7ED8837A83 /* AppDIContainer+LaunchFlowCoordinatorFactory.swift in Sources */,
				1D7A3CE5D160ED82BDC6057E /* AppDIContainer.swift in Sources */,
				4FB5193926073BA3001EBA9B /* HDLoadingButton.swift in Sources */,
				170BA27824219E612B902B27 /* AppDelegate.swift in Sources */,
				36A81F977634FC8BFD1E60A5 /* AppFlowCoordinator.swift in Sources */,
				4FB5197326074D0C001EBA9B /* Array+Equatable.swift in Sources */,
				6CCF628C1DECE50A80B3AF07 /* CoreDataStorage.swift in Sources */,
				A798BC8152E9A43FD9A009B8 /* CoreDataStorage.xcdatamodeld in Sources */,
				5C6BC044ADD92A7C55C1667E /* FlowCoordinatorFactory.swift in Sources */,
				4FB5197226074D0C001EBA9B /* Int64.swift in Sources */,
				6CDFC09F822D4E9901E58457 /* LNPostController.swift in Sources */,
				E6107A0EFB775231B642E5F7 /* LNPostView.swift in Sources */,
				CEB005A1D140604E21A6E559 /* LNPostViewModel.swift in Sources */,
				A4AD1EF300EF787B9AD45445 /* LNWelcomeController.swift in Sources */,
				FE8590A0437C56D9E013A67D /* LNWelcomeView.swift in Sources */,
				533E02DA6488FAB3DD73300C /* LNWelcomeViewModel.swift in Sources */,
				921F2479E2EE1CCE6619EA05 /* LaunchFlowCoordinator.swift in Sources */,
				6ACB69181B906F8EEF823052 /* LocalActivityStorage.swift in Sources */,
				1CD925B7412E3C92072B2850 /* RepositoryFactory.swift in Sources */,
				4FB51932260732F6001EBA9B /* UIView+Round.swift in Sources */,
				4FB5197126074D0C001EBA9B /* Date.swift in Sources */,
				93A80BEB53D2C0452731AA93 /* SceneDelegate.swift in Sources */,
				BCA7AFBEF1A555B37D1DB9AD /* Thread.swift in Sources */,
				C21CA1A71451CCE19CB1CEDF /* UIPresentProperties.swift in Sources */,
				DD312DA513E3552BE566655D /* UseCaseFactory.swift in Sources */,
			);
			runOnlyForDeploymentPostprocessing = 0;
		};
		616BEDF1FE2A79F1D68CF98E /* Sources */ = {
			isa = PBXSourcesBuildPhase;
			buildActionMask = 2147483647;
			files = (
				4FB5196226074B94001EBA9B /* CoreDataStorage.xcdatamodeld in Sources */,
				4FB5195D2607485A001EBA9B /* XCTest+SUT.swift in Sources */,
				4FB5195926074836001EBA9B /* LocalActivityStorageTests.swift in Sources */,
				4FB5194B260746DB001EBA9B /* CoreDataStorageMock.swift in Sources */,
				4FB5196726074C7C001EBA9B /* ActivityDomain.swift in Sources */,
			);
			runOnlyForDeploymentPostprocessing = 0;
		};
/* End PBXSourcesBuildPhase section */

/* Begin PBXTargetDependency section */
		4FB5194F26074701001EBA9B /* PBXTargetDependency */ = {
			isa = PBXTargetDependency;
			target = 52E192C7D85EF003D4D7B665 /* HealthDiary */;
			targetProxy = 4FB5194E26074701001EBA9B /* PBXContainerItemProxy */;
		};
/* End PBXTargetDependency section */

/* Begin PBXVariantGroup section */
		25E563BBB42D71A352DAFD57 /* LaunchScreen.storyboard */ = {
			isa = PBXVariantGroup;
			children = (
				F2A32CCA84DBDBB6E3061459 /* Base */,
			);
			name = LaunchScreen.storyboard;
			sourceTree = "<group>";
		};
/* End PBXVariantGroup section */

/* Begin XCBuildConfiguration section */
		026D7B18163B1BC4DCA9D7B1 /* STA-Release */ = {
			isa = XCBuildConfiguration;
			baseConfigurationReference = 17699FF9C2BFBB3893C6242F /* Pods-HealthDiary.sta-release.xcconfig */;
			buildSettings = {
				ASSETCATALOG_COMPILER_APPICON_NAME = AppIcon;
				CODE_SIGN_IDENTITY = "iPhone Developer";
				CODE_SIGN_STYLE = Automatic;
				DEVELOPMENT_TEAM = 5NTQ9A32JY;
				"EXCLUDED_ARCHS[sdk=iphonesimulator*]" = arm64;
				INFOPLIST_FILE = HealthDiary/Resources/Info.plist;
				IPHONEOS_DEPLOYMENT_TARGET = 13.0;
				LD_RUNPATH_SEARCH_PATHS = (
					"$(inherited)",
					"@executable_path/Frameworks",
				);
				PRODUCT_BUNDLE_IDENTIFIER = com.arifluthfiansyah.healthdiary.sta;
				PRODUCT_NAME = "STA Health Diary";
				SDKROOT = iphoneos;
				SWIFT_ACTIVE_COMPILATION_CONDITIONS = STA;
				TARGETED_DEVICE_FAMILY = 1;
			};
			name = "STA-Release";
		};
		0C368021DED42B627020BA12 /* STA-Release */ = {
			isa = XCBuildConfiguration;
			baseConfigurationReference = 77CE56CAD03A581AA5839637 /* Pods-HealthDiaryTests.sta-release.xcconfig */;
			buildSettings = {
				BUNDLE_LOADER = "$(TEST_HOST)";
				CLANG_ENABLE_MODULES = YES;
				INFOPLIST_FILE = HealthDiaryTests/Info.plist;
				LD_RUNPATH_SEARCH_PATHS = (
					"$(inherited)",
					"@executable_path/Frameworks",
					"@loader_path/Frameworks",
				);
				SDKROOT = iphoneos;
				SWIFT_VERSION = 5.0;
				TARGETED_DEVICE_FAMILY = "1,2";
				TEST_HOST = "$(BUILT_PRODUCTS_DIR)/DEV Health Diary.app/DEV Health Diary";
				TEST_TARGET_NAME = "DEV-HealthDiary";
			};
			name = "STA-Release";
		};
		18B08CC32A7617F11501BC00 /* STA-Debug */ = {
			isa = XCBuildConfiguration;
			buildSettings = {
				ALWAYS_SEARCH_USER_PATHS = NO;
				CLANG_ANALYZER_NONNULL = YES;
				CLANG_ANALYZER_NUMBER_OBJECT_CONVERSION = YES_AGGRESSIVE;
				CLANG_CXX_LANGUAGE_STANDARD = "gnu++14";
				CLANG_CXX_LIBRARY = "libc++";
				CLANG_ENABLE_MODULES = YES;
				CLANG_ENABLE_OBJC_ARC = YES;
				CLANG_ENABLE_OBJC_WEAK = YES;
				CLANG_WARN_BLOCK_CAPTURE_AUTORELEASING = YES;
				CLANG_WARN_BOOL_CONVERSION = YES;
				CLANG_WARN_COMMA = YES;
				CLANG_WARN_CONSTANT_CONVERSION = YES;
				CLANG_WARN_DEPRECATED_OBJC_IMPLEMENTATIONS = YES;
				CLANG_WARN_DIRECT_OBJC_ISA_USAGE = YES_ERROR;
				CLANG_WARN_DOCUMENTATION_COMMENTS = YES;
				CLANG_WARN_EMPTY_BODY = YES;
				CLANG_WARN_ENUM_CONVERSION = YES;
				CLANG_WARN_INFINITE_RECURSION = YES;
				CLANG_WARN_INT_CONVERSION = YES;
				CLANG_WARN_NON_LITERAL_NULL_CONVERSION = YES;
				CLANG_WARN_OBJC_IMPLICIT_RETAIN_SELF = YES;
				CLANG_WARN_OBJC_LITERAL_CONVERSION = YES;
				CLANG_WARN_OBJC_ROOT_CLASS = YES_ERROR;
				CLANG_WARN_QUOTED_INCLUDE_IN_FRAMEWORK_HEADER = YES;
				CLANG_WARN_RANGE_LOOP_ANALYSIS = YES;
				CLANG_WARN_STRICT_PROTOTYPES = YES;
				CLANG_WARN_SUSPICIOUS_MOVE = YES;
				CLANG_WARN_UNGUARDED_AVAILABILITY = YES_AGGRESSIVE;
				CLANG_WARN_UNREACHABLE_CODE = YES;
				CLANG_WARN__DUPLICATE_METHOD_MATCH = YES;
				COPY_PHASE_STRIP = NO;
				DEBUG_INFORMATION_FORMAT = dwarf;
				ENABLE_STRICT_OBJC_MSGSEND = YES;
				ENABLE_TESTABILITY = YES;
				GCC_C_LANGUAGE_STANDARD = gnu11;
				GCC_DYNAMIC_NO_PIC = NO;
				GCC_NO_COMMON_BLOCKS = YES;
				GCC_OPTIMIZATION_LEVEL = 0;
				GCC_PREPROCESSOR_DEFINITIONS = (
					"$(inherited)",
					"DEBUG=1",
				);
				GCC_WARN_64_TO_32_BIT_CONVERSION = YES;
				GCC_WARN_ABOUT_RETURN_TYPE = YES_ERROR;
				GCC_WARN_UNDECLARED_SELECTOR = YES;
				GCC_WARN_UNINITIALIZED_AUTOS = YES_AGGRESSIVE;
				GCC_WARN_UNUSED_FUNCTION = YES;
				GCC_WARN_UNUSED_VARIABLE = YES;
				MTL_ENABLE_DEBUG_INFO = INCLUDE_SOURCE;
				MTL_FAST_MATH = YES;
				ONLY_ACTIVE_ARCH = YES;
				PRODUCT_NAME = "$(TARGET_NAME)";
				SDKROOT = iphoneos;
				SWIFT_ACTIVE_COMPILATION_CONDITIONS = DEBUG;
				SWIFT_OPTIMIZATION_LEVEL = "-Onone";
				SWIFT_VERSION = 5.0;
			};
			name = "STA-Debug";
		};
		4988B122B99136549DD92CE8 /* PRO-Debug */ = {
			isa = XCBuildConfiguration;
			buildSettings = {
				ALWAYS_SEARCH_USER_PATHS = NO;
				CLANG_ANALYZER_NONNULL = YES;
				CLANG_ANALYZER_NUMBER_OBJECT_CONVERSION = YES_AGGRESSIVE;
				CLANG_CXX_LANGUAGE_STANDARD = "gnu++14";
				CLANG_CXX_LIBRARY = "libc++";
				CLANG_ENABLE_MODULES = YES;
				CLANG_ENABLE_OBJC_ARC = YES;
				CLANG_ENABLE_OBJC_WEAK = YES;
				CLANG_WARN_BLOCK_CAPTURE_AUTORELEASING = YES;
				CLANG_WARN_BOOL_CONVERSION = YES;
				CLANG_WARN_COMMA = YES;
				CLANG_WARN_CONSTANT_CONVERSION = YES;
				CLANG_WARN_DEPRECATED_OBJC_IMPLEMENTATIONS = YES;
				CLANG_WARN_DIRECT_OBJC_ISA_USAGE = YES_ERROR;
				CLANG_WARN_DOCUMENTATION_COMMENTS = YES;
				CLANG_WARN_EMPTY_BODY = YES;
				CLANG_WARN_ENUM_CONVERSION = YES;
				CLANG_WARN_INFINITE_RECURSION = YES;
				CLANG_WARN_INT_CONVERSION = YES;
				CLANG_WARN_NON_LITERAL_NULL_CONVERSION = YES;
				CLANG_WARN_OBJC_IMPLICIT_RETAIN_SELF = YES;
				CLANG_WARN_OBJC_LITERAL_CONVERSION = YES;
				CLANG_WARN_OBJC_ROOT_CLASS = YES_ERROR;
				CLANG_WARN_QUOTED_INCLUDE_IN_FRAMEWORK_HEADER = YES;
				CLANG_WARN_RANGE_LOOP_ANALYSIS = YES;
				CLANG_WARN_STRICT_PROTOTYPES = YES;
				CLANG_WARN_SUSPICIOUS_MOVE = YES;
				CLANG_WARN_UNGUARDED_AVAILABILITY = YES_AGGRESSIVE;
				CLANG_WARN_UNREACHABLE_CODE = YES;
				CLANG_WARN__DUPLICATE_METHOD_MATCH = YES;
				COPY_PHASE_STRIP = NO;
				DEBUG_INFORMATION_FORMAT = dwarf;
				ENABLE_STRICT_OBJC_MSGSEND = YES;
				ENABLE_TESTABILITY = YES;
				GCC_C_LANGUAGE_STANDARD = gnu11;
				GCC_DYNAMIC_NO_PIC = NO;
				GCC_NO_COMMON_BLOCKS = YES;
				GCC_OPTIMIZATION_LEVEL = 0;
				GCC_PREPROCESSOR_DEFINITIONS = (
					"$(inherited)",
					"DEBUG=1",
				);
				GCC_WARN_64_TO_32_BIT_CONVERSION = YES;
				GCC_WARN_ABOUT_RETURN_TYPE = YES_ERROR;
				GCC_WARN_UNDECLARED_SELECTOR = YES;
				GCC_WARN_UNINITIALIZED_AUTOS = YES_AGGRESSIVE;
				GCC_WARN_UNUSED_FUNCTION = YES;
				GCC_WARN_UNUSED_VARIABLE = YES;
				MTL_ENABLE_DEBUG_INFO = INCLUDE_SOURCE;
				MTL_FAST_MATH = YES;
				ONLY_ACTIVE_ARCH = YES;
				PRODUCT_NAME = "$(TARGET_NAME)";
				SDKROOT = iphoneos;
				SWIFT_ACTIVE_COMPILATION_CONDITIONS = DEBUG;
				SWIFT_OPTIMIZATION_LEVEL = "-Onone";
				SWIFT_VERSION = 5.0;
			};
			name = "PRO-Debug";
		};
		568A89F530F3144B05C8AAF2 /* PRO-Release */ = {
			isa = XCBuildConfiguration;
			baseConfigurationReference = DD0A50B4554A46020CA9D10C /* Pods-HealthDiary.pro-release.xcconfig */;
			buildSettings = {
				ASSETCATALOG_COMPILER_APPICON_NAME = AppIcon;
				CODE_SIGN_IDENTITY = "iPhone Developer";
				CODE_SIGN_STYLE = Automatic;
				DEVELOPMENT_TEAM = 5NTQ9A32JY;
				"EXCLUDED_ARCHS[sdk=iphonesimulator*]" = arm64;
				INFOPLIST_FILE = HealthDiary/Resources/Info.plist;
				IPHONEOS_DEPLOYMENT_TARGET = 13.0;
				LD_RUNPATH_SEARCH_PATHS = (
					"$(inherited)",
					"@executable_path/Frameworks",
				);
				PRODUCT_BUNDLE_IDENTIFIER = com.arifluthfiansyah.healthdiary;
				PRODUCT_NAME = "Health Diary";
				SDKROOT = iphoneos;
				SWIFT_ACTIVE_COMPILATION_CONDITIONS = PRO;
				TARGETED_DEVICE_FAMILY = 1;
			};
			name = "PRO-Release";
		};
		5EBE591EC0DF586EC26A55F6 /* DEV-Debug */ = {
			isa = XCBuildConfiguration;
			buildSettings = {
				ALWAYS_SEARCH_USER_PATHS = NO;
				CLANG_ANALYZER_NONNULL = YES;
				CLANG_ANALYZER_NUMBER_OBJECT_CONVERSION = YES_AGGRESSIVE;
				CLANG_CXX_LANGUAGE_STANDARD = "gnu++14";
				CLANG_CXX_LIBRARY = "libc++";
				CLANG_ENABLE_MODULES = YES;
				CLANG_ENABLE_OBJC_ARC = YES;
				CLANG_ENABLE_OBJC_WEAK = YES;
				CLANG_WARN_BLOCK_CAPTURE_AUTORELEASING = YES;
				CLANG_WARN_BOOL_CONVERSION = YES;
				CLANG_WARN_COMMA = YES;
				CLANG_WARN_CONSTANT_CONVERSION = YES;
				CLANG_WARN_DEPRECATED_OBJC_IMPLEMENTATIONS = YES;
				CLANG_WARN_DIRECT_OBJC_ISA_USAGE = YES_ERROR;
				CLANG_WARN_DOCUMENTATION_COMMENTS = YES;
				CLANG_WARN_EMPTY_BODY = YES;
				CLANG_WARN_ENUM_CONVERSION = YES;
				CLANG_WARN_INFINITE_RECURSION = YES;
				CLANG_WARN_INT_CONVERSION = YES;
				CLANG_WARN_NON_LITERAL_NULL_CONVERSION = YES;
				CLANG_WARN_OBJC_IMPLICIT_RETAIN_SELF = YES;
				CLANG_WARN_OBJC_LITERAL_CONVERSION = YES;
				CLANG_WARN_OBJC_ROOT_CLASS = YES_ERROR;
				CLANG_WARN_QUOTED_INCLUDE_IN_FRAMEWORK_HEADER = YES;
				CLANG_WARN_RANGE_LOOP_ANALYSIS = YES;
				CLANG_WARN_STRICT_PROTOTYPES = YES;
				CLANG_WARN_SUSPICIOUS_MOVE = YES;
				CLANG_WARN_UNGUARDED_AVAILABILITY = YES_AGGRESSIVE;
				CLANG_WARN_UNREACHABLE_CODE = YES;
				CLANG_WARN__DUPLICATE_METHOD_MATCH = YES;
				COPY_PHASE_STRIP = NO;
				DEBUG_INFORMATION_FORMAT = dwarf;
				ENABLE_STRICT_OBJC_MSGSEND = YES;
				ENABLE_TESTABILITY = YES;
				GCC_C_LANGUAGE_STANDARD = gnu11;
				GCC_DYNAMIC_NO_PIC = NO;
				GCC_NO_COMMON_BLOCKS = YES;
				GCC_OPTIMIZATION_LEVEL = 0;
				GCC_PREPROCESSOR_DEFINITIONS = (
					"$(inherited)",
					"DEBUG=1",
				);
				GCC_WARN_64_TO_32_BIT_CONVERSION = YES;
				GCC_WARN_ABOUT_RETURN_TYPE = YES_ERROR;
				GCC_WARN_UNDECLARED_SELECTOR = YES;
				GCC_WARN_UNINITIALIZED_AUTOS = YES_AGGRESSIVE;
				GCC_WARN_UNUSED_FUNCTION = YES;
				GCC_WARN_UNUSED_VARIABLE = YES;
				MTL_ENABLE_DEBUG_INFO = INCLUDE_SOURCE;
				MTL_FAST_MATH = YES;
				ONLY_ACTIVE_ARCH = YES;
				PRODUCT_NAME = "$(TARGET_NAME)";
				SDKROOT = iphoneos;
				SWIFT_ACTIVE_COMPILATION_CONDITIONS = DEBUG;
				SWIFT_OPTIMIZATION_LEVEL = "-Onone";
				SWIFT_VERSION = 5.0;
			};
			name = "DEV-Debug";
		};
		602F77D6D93E5CBC881F163C /* DEV-Debug */ = {
			isa = XCBuildConfiguration;
			baseConfigurationReference = EA75FFD899DDD3CB7FAB5D4E /* Pods-HealthDiaryTests.dev-debug.xcconfig */;
			buildSettings = {
				BUNDLE_LOADER = "$(TEST_HOST)";
				CLANG_ENABLE_MODULES = YES;
				INFOPLIST_FILE = HealthDiaryTests/Info.plist;
				LD_RUNPATH_SEARCH_PATHS = (
					"$(inherited)",
					"@executable_path/Frameworks",
					"@loader_path/Frameworks",
				);
				SDKROOT = iphoneos;
				SWIFT_OPTIMIZATION_LEVEL = "-Onone";
				SWIFT_VERSION = 5.0;
				TARGETED_DEVICE_FAMILY = "1,2";
				TEST_HOST = "$(BUILT_PRODUCTS_DIR)/DEV Health Diary.app/DEV Health Diary";
				TEST_TARGET_NAME = "DEV-HealthDiary";
			};
			name = "DEV-Debug";
		};
		8A99625ED99E1EEF6DD15459 /* STA-Debug */ = {
			isa = XCBuildConfiguration;
			baseConfigurationReference = 3382C0CF39B1676347F4A0B9 /* Pods-HealthDiary.sta-debug.xcconfig */;
			buildSettings = {
				ASSETCATALOG_COMPILER_APPICON_NAME = AppIcon;
				CODE_SIGN_IDENTITY = "iPhone Developer";
				CODE_SIGN_STYLE = Automatic;
				DEVELOPMENT_TEAM = 5NTQ9A32JY;
				"EXCLUDED_ARCHS[sdk=iphonesimulator*]" = arm64;
				INFOPLIST_FILE = HealthDiary/Resources/Info.plist;
				IPHONEOS_DEPLOYMENT_TARGET = 13.0;
				LD_RUNPATH_SEARCH_PATHS = (
					"$(inherited)",
					"@executable_path/Frameworks",
				);
				PRODUCT_BUNDLE_IDENTIFIER = com.arifluthfiansyah.healthdiary.sta;
				PRODUCT_NAME = "STA Health Diary";
				SDKROOT = iphoneos;
				SWIFT_ACTIVE_COMPILATION_CONDITIONS = STA;
				TARGETED_DEVICE_FAMILY = 1;
			};
			name = "STA-Debug";
		};
		8E82354732BE5DCAF4DE2233 /* DEV-Debug */ = {
			isa = XCBuildConfiguration;
			baseConfigurationReference = DF4CC10ABB815F3488C77B34 /* Pods-HealthDiary.dev-debug.xcconfig */;
			buildSettings = {
				ASSETCATALOG_COMPILER_APPICON_NAME = AppIcon;
				CODE_SIGN_IDENTITY = "iPhone Developer";
				CODE_SIGN_STYLE = Automatic;
				DEVELOPMENT_TEAM = 5NTQ9A32JY;
				"EXCLUDED_ARCHS[sdk=iphonesimulator*]" = arm64;
				INFOPLIST_FILE = HealthDiary/Resources/Info.plist;
				IPHONEOS_DEPLOYMENT_TARGET = 13.0;
				LD_RUNPATH_SEARCH_PATHS = (
					"$(inherited)",
					"@executable_path/Frameworks",
				);
				PRODUCT_BUNDLE_IDENTIFIER = com.arifluthfiansyah.healthdiary.dev;
				PRODUCT_NAME = "DEV Health Diary";
				SDKROOT = iphoneos;
				SWIFT_ACTIVE_COMPILATION_CONDITIONS = DEV;
				TARGETED_DEVICE_FAMILY = 1;
			};
			name = "DEV-Debug";
		};
		96EA2B34A4C97D2ABA06AC54 /* PRO-Debug */ = {
			isa = XCBuildConfiguration;
			baseConfigurationReference = 59E3703F0DCDED6BE514B6DF /* Pods-HealthDiaryTests.pro-debug.xcconfig */;
			buildSettings = {
				BUNDLE_LOADER = "$(TEST_HOST)";
				CLANG_ENABLE_MODULES = YES;
				INFOPLIST_FILE = HealthDiaryTests/Info.plist;
				LD_RUNPATH_SEARCH_PATHS = (
					"$(inherited)",
					"@executable_path/Frameworks",
					"@loader_path/Frameworks",
				);
				SDKROOT = iphoneos;
				SWIFT_OPTIMIZATION_LEVEL = "-Onone";
				SWIFT_VERSION = 5.0;
				TARGETED_DEVICE_FAMILY = "1,2";
				TEST_HOST = "$(BUILT_PRODUCTS_DIR)/DEV Health Diary.app/DEV Health Diary";
				TEST_TARGET_NAME = "DEV-HealthDiary";
			};
			name = "PRO-Debug";
		};
		9A4763CBA11E09F8F2494F3D /* STA-Release */ = {
			isa = XCBuildConfiguration;
			buildSettings = {
				ALWAYS_SEARCH_USER_PATHS = NO;
				CLANG_ANALYZER_NONNULL = YES;
				CLANG_ANALYZER_NUMBER_OBJECT_CONVERSION = YES_AGGRESSIVE;
				CLANG_CXX_LANGUAGE_STANDARD = "gnu++14";
				CLANG_CXX_LIBRARY = "libc++";
				CLANG_ENABLE_MODULES = YES;
				CLANG_ENABLE_OBJC_ARC = YES;
				CLANG_ENABLE_OBJC_WEAK = YES;
				CLANG_WARN_BLOCK_CAPTURE_AUTORELEASING = YES;
				CLANG_WARN_BOOL_CONVERSION = YES;
				CLANG_WARN_COMMA = YES;
				CLANG_WARN_CONSTANT_CONVERSION = YES;
				CLANG_WARN_DEPRECATED_OBJC_IMPLEMENTATIONS = YES;
				CLANG_WARN_DIRECT_OBJC_ISA_USAGE = YES_ERROR;
				CLANG_WARN_DOCUMENTATION_COMMENTS = YES;
				CLANG_WARN_EMPTY_BODY = YES;
				CLANG_WARN_ENUM_CONVERSION = YES;
				CLANG_WARN_INFINITE_RECURSION = YES;
				CLANG_WARN_INT_CONVERSION = YES;
				CLANG_WARN_NON_LITERAL_NULL_CONVERSION = YES;
				CLANG_WARN_OBJC_IMPLICIT_RETAIN_SELF = YES;
				CLANG_WARN_OBJC_LITERAL_CONVERSION = YES;
				CLANG_WARN_OBJC_ROOT_CLASS = YES_ERROR;
				CLANG_WARN_QUOTED_INCLUDE_IN_FRAMEWORK_HEADER = YES;
				CLANG_WARN_RANGE_LOOP_ANALYSIS = YES;
				CLANG_WARN_STRICT_PROTOTYPES = YES;
				CLANG_WARN_SUSPICIOUS_MOVE = YES;
				CLANG_WARN_UNGUARDED_AVAILABILITY = YES_AGGRESSIVE;
				CLANG_WARN_UNREACHABLE_CODE = YES;
				CLANG_WARN__DUPLICATE_METHOD_MATCH = YES;
				COPY_PHASE_STRIP = NO;
				DEBUG_INFORMATION_FORMAT = "dwarf-with-dsym";
				ENABLE_NS_ASSERTIONS = NO;
				ENABLE_STRICT_OBJC_MSGSEND = YES;
				GCC_C_LANGUAGE_STANDARD = gnu11;
				GCC_NO_COMMON_BLOCKS = YES;
				GCC_WARN_64_TO_32_BIT_CONVERSION = YES;
				GCC_WARN_ABOUT_RETURN_TYPE = YES_ERROR;
				GCC_WARN_UNDECLARED_SELECTOR = YES;
				GCC_WARN_UNINITIALIZED_AUTOS = YES_AGGRESSIVE;
				GCC_WARN_UNUSED_FUNCTION = YES;
				GCC_WARN_UNUSED_VARIABLE = YES;
				MTL_ENABLE_DEBUG_INFO = NO;
				MTL_FAST_MATH = YES;
				PRODUCT_NAME = "$(TARGET_NAME)";
				SDKROOT = iphoneos;
				SWIFT_COMPILATION_MODE = wholemodule;
				SWIFT_OPTIMIZATION_LEVEL = "-O";
				SWIFT_VERSION = 5.0;
			};
			name = "STA-Release";
		};
		9B221B02C061B68B6CE2D278 /* PRO-Release */ = {
			isa = XCBuildConfiguration;
			baseConfigurationReference = F4F930628B270B09C6A33B28 /* Pods-HealthDiaryTests.pro-release.xcconfig */;
			buildSettings = {
				BUNDLE_LOADER = "$(TEST_HOST)";
				CLANG_ENABLE_MODULES = YES;
				INFOPLIST_FILE = HealthDiaryTests/Info.plist;
				LD_RUNPATH_SEARCH_PATHS = (
					"$(inherited)",
					"@executable_path/Frameworks",
					"@loader_path/Frameworks",
				);
				SDKROOT = iphoneos;
				SWIFT_VERSION = 5.0;
				TARGETED_DEVICE_FAMILY = "1,2";
				TEST_HOST = "$(BUILT_PRODUCTS_DIR)/DEV Health Diary.app/DEV Health Diary";
				TEST_TARGET_NAME = "DEV-HealthDiary";
			};
			name = "PRO-Release";
		};
		9C3EE8F4E164B2B6D22DC9CA /* STA-Debug */ = {
			isa = XCBuildConfiguration;
			baseConfigurationReference = 8CC722AAC0B4B98A0E31AC82 /* Pods-HealthDiaryTests.sta-debug.xcconfig */;
			buildSettings = {
				BUNDLE_LOADER = "$(TEST_HOST)";
				CLANG_ENABLE_MODULES = YES;
				INFOPLIST_FILE = HealthDiaryTests/Info.plist;
				LD_RUNPATH_SEARCH_PATHS = (
					"$(inherited)",
					"@executable_path/Frameworks",
					"@loader_path/Frameworks",
				);
				SDKROOT = iphoneos;
				SWIFT_OPTIMIZATION_LEVEL = "-Onone";
				SWIFT_VERSION = 5.0;
				TARGETED_DEVICE_FAMILY = "1,2";
				TEST_HOST = "$(BUILT_PRODUCTS_DIR)/DEV Health Diary.app/DEV Health Diary";
				TEST_TARGET_NAME = "DEV-HealthDiary";
			};
			name = "STA-Debug";
		};
		A2A2BDD3D581D8C42F71D625 /* DEV-Release */ = {
			isa = XCBuildConfiguration;
			baseConfigurationReference = F06C1892453DCB195DA4C5EC /* Pods-HealthDiaryTests.dev-release.xcconfig */;
			buildSettings = {
				BUNDLE_LOADER = "$(TEST_HOST)";
				CLANG_ENABLE_MODULES = YES;
				INFOPLIST_FILE = HealthDiaryTests/Info.plist;
				LD_RUNPATH_SEARCH_PATHS = (
					"$(inherited)",
					"@executable_path/Frameworks",
					"@loader_path/Frameworks",
				);
				SDKROOT = iphoneos;
				SWIFT_VERSION = 5.0;
				TARGETED_DEVICE_FAMILY = "1,2";
				TEST_HOST = "$(BUILT_PRODUCTS_DIR)/DEV Health Diary.app/DEV Health Diary";
				TEST_TARGET_NAME = "DEV-HealthDiary";
			};
			name = "DEV-Release";
		};
		AF4CD0857EF6007D04C59673 /* PRO-Release */ = {
			isa = XCBuildConfiguration;
			buildSettings = {
				ALWAYS_SEARCH_USER_PATHS = NO;
				CLANG_ANALYZER_NONNULL = YES;
				CLANG_ANALYZER_NUMBER_OBJECT_CONVERSION = YES_AGGRESSIVE;
				CLANG_CXX_LANGUAGE_STANDARD = "gnu++14";
				CLANG_CXX_LIBRARY = "libc++";
				CLANG_ENABLE_MODULES = YES;
				CLANG_ENABLE_OBJC_ARC = YES;
				CLANG_ENABLE_OBJC_WEAK = YES;
				CLANG_WARN_BLOCK_CAPTURE_AUTORELEASING = YES;
				CLANG_WARN_BOOL_CONVERSION = YES;
				CLANG_WARN_COMMA = YES;
				CLANG_WARN_CONSTANT_CONVERSION = YES;
				CLANG_WARN_DEPRECATED_OBJC_IMPLEMENTATIONS = YES;
				CLANG_WARN_DIRECT_OBJC_ISA_USAGE = YES_ERROR;
				CLANG_WARN_DOCUMENTATION_COMMENTS = YES;
				CLANG_WARN_EMPTY_BODY = YES;
				CLANG_WARN_ENUM_CONVERSION = YES;
				CLANG_WARN_INFINITE_RECURSION = YES;
				CLANG_WARN_INT_CONVERSION = YES;
				CLANG_WARN_NON_LITERAL_NULL_CONVERSION = YES;
				CLANG_WARN_OBJC_IMPLICIT_RETAIN_SELF = YES;
				CLANG_WARN_OBJC_LITERAL_CONVERSION = YES;
				CLANG_WARN_OBJC_ROOT_CLASS = YES_ERROR;
				CLANG_WARN_QUOTED_INCLUDE_IN_FRAMEWORK_HEADER = YES;
				CLANG_WARN_RANGE_LOOP_ANALYSIS = YES;
				CLANG_WARN_STRICT_PROTOTYPES = YES;
				CLANG_WARN_SUSPICIOUS_MOVE = YES;
				CLANG_WARN_UNGUARDED_AVAILABILITY = YES_AGGRESSIVE;
				CLANG_WARN_UNREACHABLE_CODE = YES;
				CLANG_WARN__DUPLICATE_METHOD_MATCH = YES;
				COPY_PHASE_STRIP = NO;
				DEBUG_INFORMATION_FORMAT = "dwarf-with-dsym";
				ENABLE_NS_ASSERTIONS = NO;
				ENABLE_STRICT_OBJC_MSGSEND = YES;
				GCC_C_LANGUAGE_STANDARD = gnu11;
				GCC_NO_COMMON_BLOCKS = YES;
				GCC_WARN_64_TO_32_BIT_CONVERSION = YES;
				GCC_WARN_ABOUT_RETURN_TYPE = YES_ERROR;
				GCC_WARN_UNDECLARED_SELECTOR = YES;
				GCC_WARN_UNINITIALIZED_AUTOS = YES_AGGRESSIVE;
				GCC_WARN_UNUSED_FUNCTION = YES;
				GCC_WARN_UNUSED_VARIABLE = YES;
				MTL_ENABLE_DEBUG_INFO = NO;
				MTL_FAST_MATH = YES;
				PRODUCT_NAME = "$(TARGET_NAME)";
				SDKROOT = iphoneos;
				SWIFT_COMPILATION_MODE = wholemodule;
				SWIFT_OPTIMIZATION_LEVEL = "-O";
				SWIFT_VERSION = 5.0;
			};
			name = "PRO-Release";
		};
		B77A2C13EC6817BCEA114692 /* PRO-Debug */ = {
			isa = XCBuildConfiguration;
			baseConfigurationReference = E5F98CC70B6357E9CB087530 /* Pods-HealthDiary.pro-debug.xcconfig */;
			buildSettings = {
				ASSETCATALOG_COMPILER_APPICON_NAME = AppIcon;
				CODE_SIGN_IDENTITY = "iPhone Developer";
				CODE_SIGN_STYLE = Automatic;
				DEVELOPMENT_TEAM = 5NTQ9A32JY;
				"EXCLUDED_ARCHS[sdk=iphonesimulator*]" = arm64;
				INFOPLIST_FILE = HealthDiary/Resources/Info.plist;
				IPHONEOS_DEPLOYMENT_TARGET = 13.0;
				LD_RUNPATH_SEARCH_PATHS = (
					"$(inherited)",
					"@executable_path/Frameworks",
				);
				PRODUCT_BUNDLE_IDENTIFIER = com.arifluthfiansyah.healthdiary;
				PRODUCT_NAME = "Health Diary";
				SDKROOT = iphoneos;
				SWIFT_ACTIVE_COMPILATION_CONDITIONS = PRO;
				TARGETED_DEVICE_FAMILY = 1;
			};
			name = "PRO-Debug";
		};
		CAC54D8F40CA67512BE2AEBE /* DEV-Release */ = {
			isa = XCBuildConfiguration;
			baseConfigurationReference = 08DE09085D907C2FA596811A /* Pods-HealthDiary.dev-release.xcconfig */;
			buildSettings = {
				ASSETCATALOG_COMPILER_APPICON_NAME = AppIcon;
				CODE_SIGN_IDENTITY = "iPhone Developer";
				CODE_SIGN_STYLE = Automatic;
				DEVELOPMENT_TEAM = 5NTQ9A32JY;
				"EXCLUDED_ARCHS[sdk=iphonesimulator*]" = arm64;
				INFOPLIST_FILE = HealthDiary/Resources/Info.plist;
				IPHONEOS_DEPLOYMENT_TARGET = 13.0;
				LD_RUNPATH_SEARCH_PATHS = (
					"$(inherited)",
					"@executable_path/Frameworks",
				);
				PRODUCT_BUNDLE_IDENTIFIER = com.arifluthfiansyah.healthdiary.dev;
				PRODUCT_NAME = "DEV Health Diary";
				SDKROOT = iphoneos;
				SWIFT_ACTIVE_COMPILATION_CONDITIONS = DEV;
				TARGETED_DEVICE_FAMILY = 1;
			};
			name = "DEV-Release";
		};
		CBE7DA4ECF12B0B7187FC61D /* DEV-Release */ = {
			isa = XCBuildConfiguration;
			buildSettings = {
				ALWAYS_SEARCH_USER_PATHS = NO;
				CLANG_ANALYZER_NONNULL = YES;
				CLANG_ANALYZER_NUMBER_OBJECT_CONVERSION = YES_AGGRESSIVE;
				CLANG_CXX_LANGUAGE_STANDARD = "gnu++14";
				CLANG_CXX_LIBRARY = "libc++";
				CLANG_ENABLE_MODULES = YES;
				CLANG_ENABLE_OBJC_ARC = YES;
				CLANG_ENABLE_OBJC_WEAK = YES;
				CLANG_WARN_BLOCK_CAPTURE_AUTORELEASING = YES;
				CLANG_WARN_BOOL_CONVERSION = YES;
				CLANG_WARN_COMMA = YES;
				CLANG_WARN_CONSTANT_CONVERSION = YES;
				CLANG_WARN_DEPRECATED_OBJC_IMPLEMENTATIONS = YES;
				CLANG_WARN_DIRECT_OBJC_ISA_USAGE = YES_ERROR;
				CLANG_WARN_DOCUMENTATION_COMMENTS = YES;
				CLANG_WARN_EMPTY_BODY = YES;
				CLANG_WARN_ENUM_CONVERSION = YES;
				CLANG_WARN_INFINITE_RECURSION = YES;
				CLANG_WARN_INT_CONVERSION = YES;
				CLANG_WARN_NON_LITERAL_NULL_CONVERSION = YES;
				CLANG_WARN_OBJC_IMPLICIT_RETAIN_SELF = YES;
				CLANG_WARN_OBJC_LITERAL_CONVERSION = YES;
				CLANG_WARN_OBJC_ROOT_CLASS = YES_ERROR;
				CLANG_WARN_QUOTED_INCLUDE_IN_FRAMEWORK_HEADER = YES;
				CLANG_WARN_RANGE_LOOP_ANALYSIS = YES;
				CLANG_WARN_STRICT_PROTOTYPES = YES;
				CLANG_WARN_SUSPICIOUS_MOVE = YES;
				CLANG_WARN_UNGUARDED_AVAILABILITY = YES_AGGRESSIVE;
				CLANG_WARN_UNREACHABLE_CODE = YES;
				CLANG_WARN__DUPLICATE_METHOD_MATCH = YES;
				COPY_PHASE_STRIP = NO;
				DEBUG_INFORMATION_FORMAT = "dwarf-with-dsym";
				ENABLE_NS_ASSERTIONS = NO;
				ENABLE_STRICT_OBJC_MSGSEND = YES;
				GCC_C_LANGUAGE_STANDARD = gnu11;
				GCC_NO_COMMON_BLOCKS = YES;
				GCC_WARN_64_TO_32_BIT_CONVERSION = YES;
				GCC_WARN_ABOUT_RETURN_TYPE = YES_ERROR;
				GCC_WARN_UNDECLARED_SELECTOR = YES;
				GCC_WARN_UNINITIALIZED_AUTOS = YES_AGGRESSIVE;
				GCC_WARN_UNUSED_FUNCTION = YES;
				GCC_WARN_UNUSED_VARIABLE = YES;
				MTL_ENABLE_DEBUG_INFO = NO;
				MTL_FAST_MATH = YES;
				PRODUCT_NAME = "$(TARGET_NAME)";
				SDKROOT = iphoneos;
				SWIFT_COMPILATION_MODE = wholemodule;
				SWIFT_OPTIMIZATION_LEVEL = "-O";
				SWIFT_VERSION = 5.0;
			};
			name = "DEV-Release";
		};
/* End XCBuildConfiguration section */

/* Begin XCConfigurationList section */
		7D13EEFDDB0B9CA99825BE85 /* Build configuration list for PBXProject "HealthDiary" */ = {
			isa = XCConfigurationList;
			buildConfigurations = (
				5EBE591EC0DF586EC26A55F6 /* DEV-Debug */,
				CBE7DA4ECF12B0B7187FC61D /* DEV-Release */,
				4988B122B99136549DD92CE8 /* PRO-Debug */,
				AF4CD0857EF6007D04C59673 /* PRO-Release */,
				18B08CC32A7617F11501BC00 /* STA-Debug */,
				9A4763CBA11E09F8F2494F3D /* STA-Release */,
			);
			defaultConfigurationIsVisible = 0;
			defaultConfigurationName = "DEV-Debug";
		};
		9F7AAC570A8403A163B9081E /* Build configuration list for PBXNativeTarget "HealthDiary" */ = {
			isa = XCConfigurationList;
			buildConfigurations = (
				8E82354732BE5DCAF4DE2233 /* DEV-Debug */,
				CAC54D8F40CA67512BE2AEBE /* DEV-Release */,
				B77A2C13EC6817BCEA114692 /* PRO-Debug */,
				568A89F530F3144B05C8AAF2 /* PRO-Release */,
				8A99625ED99E1EEF6DD15459 /* STA-Debug */,
				026D7B18163B1BC4DCA9D7B1 /* STA-Release */,
			);
			defaultConfigurationIsVisible = 0;
			defaultConfigurationName = "DEV-Debug";
		};
		BA237CA4ED650A2CFB5CE68D /* Build configuration list for PBXNativeTarget "HealthDiaryTests" */ = {
			isa = XCConfigurationList;
			buildConfigurations = (
				602F77D6D93E5CBC881F163C /* DEV-Debug */,
				A2A2BDD3D581D8C42F71D625 /* DEV-Release */,
				96EA2B34A4C97D2ABA06AC54 /* PRO-Debug */,
				9B221B02C061B68B6CE2D278 /* PRO-Release */,
				9C3EE8F4E164B2B6D22DC9CA /* STA-Debug */,
				0C368021DED42B627020BA12 /* STA-Release */,
			);
			defaultConfigurationIsVisible = 0;
			defaultConfigurationName = "DEV-Debug";
		};
/* End XCConfigurationList section */

/* Begin XCVersionGroup section */
		BB4A8A61A153AC533A06A9ED /* CoreDataStorage.xcdatamodeld */ = {
			isa = XCVersionGroup;
			children = (
				95A7D5DD013DF4293D171675 /* CoreDataStorage.xcdatamodel */,
			);
			currentVersion = 95A7D5DD013DF4293D171675 /* CoreDataStorage.xcdatamodel */;
			path = CoreDataStorage.xcdatamodeld;
			sourceTree = "<group>";
			versionGroupType = wrapper.xcdatamodel;
		};
/* End XCVersionGroup section */
	};
	rootObject = 224E1AC4E273D8430F1C82BE /* Project object */;
}
